// !$*UTF8*$!
{
	archiveVersion = 1;
	classes = {
	};
	objectVersion = 46;
	objects = {

/* Begin PBXBuildFile section */
		BEBE0ACF1B5E374C00849C4A /* main.cpp in Sources */ = {isa = PBXBuildFile; fileRef = BEBE0ACE1B5E374C00849C4A /* main.cpp */; };
/* End PBXBuildFile section */

/* Begin PBXCopyFilesBuildPhase section */
		BEBE0AC91B5E374C00849C4A /* CopyFiles */ = {
			isa = PBXCopyFilesBuildPhase;
			buildActionMask = 2147483647;
			dstPath = /usr/share/man/man1/;
			dstSubfolderSpec = 0;
			files = (
			);
			runOnlyForDeploymentPostprocessing = 1;
		};
/* End PBXCopyFilesBuildPhase section */

/* Begin PBXFileReference section */
		BEBE0ACB1B5E374C00849C4A /* testcpp */ = {isa = PBXFileReference; explicitFileType = "compiled.mach-o.executable"; includeInIndex = 0; path = testcpp; sourceTree = BUILT_PRODUCTS_DIR; };
		BEBE0ACE1B5E374C00849C4A /* main.cpp */ = {isa = PBXFileReference; lastKnownFileType = sourcecode.cpp.cpp; path = main.cpp; sourceTree = "<group>"; };
/* End PBXFileReference section */

/* Begin PBXFrameworksBuildPhase section */
		BEBE0AC81B5E374C00849C4A /* Frameworks */ = {
			isa = PBXFrameworksBuildPhase;
			buildActionMask = 2147483647;
			files = (
			);
			runOnlyForDeploymentPostprocessing = 0;
		};
/* End PBXFrameworksBuildPhase section */

/* Begin PBXGroup section */
		BEBE0AC21B5E374C00849C4A = {
			isa = PBXGroup;
			children = (
				BEBE0ACD1B5E374C00849C4A /* testcpp */,
				BEBE0ACC1B5E374C00849C4A /* Products */,
			);
			sourceTree = "<group>";
		};
		BEBE0ACC1B5E374C00849C4A /* Products */ = {
			isa = PBXGroup;
			children = (
				BEBE0ACB1B5E374C00849C4A /* testcpp */,
			);
			name = Products;
			sourceTree = "<group>";
		};
		BEBE0ACD1B5E374C00849C4A /* testcpp */ = {
			isa = PBXGroup;
			children = (
				BEBE0ACE1B5E374C00849C4A /* main.cpp */,
			);
			path = testcpp;
			sourceTree = "<group>";
		};
/* End PBXGroup section */

/* Begin PBXNativeTarget section */
		BEBE0ACA1B5E374C00849C4A /* testcpp */ = {
			isa = PBXNativeTarget;
			buildConfigurationList = BEBE0AD21B5E374C00849C4A /* Build configuration list for PBXNativeTarget "testcpp" */;
			buildPhases = (
				BEBE0AC71B5E374C00849C4A /* Sources */,
				BEBE0AC81B5E374C00849C4A /* Frameworks */,
				BEBE0AC91B5E374C00849C4A /* CopyFiles */,
			);
			buildRules = (
			);
			dependencies = (
			);
			name = testcpp;
			productName = testcpp;
			productReference = BEBE0ACB1B5E374C00849C4A /* testcpp */;
			productType = "com.apple.product-type.tool";
		};
/* End PBXNativeTarget section */

/* Begin PBXProject section */
		BEBE0AC31B5E374C00849C4A /* Project object */ = {
			isa = PBXProject;
			attributes = {
				LastUpgradeCheck = 0640;
				ORGANIZATIONNAME = "袁子涵";
				TargetAttributes = {
					BEBE0ACA1B5E374C00849C4A = {
						CreatedOnToolsVersion = 6.4;
					};
				};
			};
			buildConfigurationList = BEBE0AC61B5E374C00849C4A /* Build configuration list for PBXProject "testcpp" */;
			compatibilityVersion = "Xcode 3.2";
			developmentRegion = English;
			hasScannedForEncodings = 0;
			knownRegions = (
				en,
			);
			mainGroup = BEBE0AC21B5E374C00849C4A;
			productRefGroup = BEBE0ACC1B5E374C00849C4A /* Products */;
			projectDirPath = "";
			projectRoot = "";
			targets = (
				BEBE0ACA1B5E374C00849C4A /* testcpp */,
			);
		};
/* End PBXProject section */

/* Begin PBXSourcesBuildPhase section */
		BEBE0AC71B5E374C00849C4A /* Sources */ = {
			isa = PBXSourcesBuildPhase;
			buildActionMask = 2147483647;
			files = (
				BEBE0ACF1B5E374C00849C4A /* main.cpp in Sources */,
			);
			runOnlyForDeploymentPostprocessing = 0;
		};
/* End PBXSourcesBuildPhase section */

/* Begin XCBuildConfiguration section */
		BEBE0AD01B5E374C00849C4A /* Debug */ = {
			isa = XCBuildConfiguration;
			buildSettings = {
				ALWAYS_SEARCH_USER_PATHS = NO;
				CLANG_CXX_LANGUAGE_STANDARD = "gnu++0x";
				CLANG_CXX_LIBRARY = "libc++";
				CLANG_ENABLE_MODULES = YES;
				CLANG_ENABLE_OBJC_ARC = YES;
				CLANG_WARN_BOOL_CONVERSION = YES;
				CLANG_WARN_CONSTANT_CONVERSION = YES;
				CLANG_WARN_DIRECT_OBJC_ISA_USAGE = YES_ERROR;
				CLANG_WARN_EMPTY_BODY = YES;
				CLANG_WARN_ENUM_CONVERSION = YES;
				CLANG_WARN_INT_CONVERSION = YES;
				CLANG_WARN_OBJC_ROOT_CLASS = YES_ERROR;
				CLANG_WARN_UNREACHABLE_CODE = YES;
				CLANG_WARN__DUPLICATE_METHOD_MATCH = YES;
				COPY_PHASE_STRIP = NO;
				DEBUG_INFORMATION_FORMAT = dwarf;
				ENABLE_STRICT_OBJC_MSGSEND = YES;
				GCC_C_LANGUAGE_STANDARD = gnu99;
				GCC_DYNAMIC_NO_PIC = NO;
				GCC_NO_COMMON_BLOCKS = YES;
				GCC_OPTIMIZATION_LEVEL = 0;
				GCC_PREPROCESSOR_DEFINITIONS = (
					"DEBUG=1",
					"$(inherited)",
				);
				GCC_SYMBOLS_PRIVATE_EXTERN = NO;
				GCC_WARN_64_TO_32_BIT_CONVERSION = YES;
				GCC_WARN_ABOUT_RETURN_TYPE = YES_ERROR;
				GCC_WARN_UNDECLARED_SELECTOR = YES;
				GCC_WARN_UNINITIALIZED_AUTOS = YES_AGGRESSIVE;
				GCC_WARN_UNUSED_FUNCTION = YES;
				GCC_WARN_UNUSED_VARIABLE = YES;
				MACOSX_DEPLOYMENT_TARGET = 10.10;
				MTL_ENABLE_DEBUG_INFO = YES;
				ONLY_ACTIVE_ARCH = YES;
				SDKROOT = macosx;
			};
			name = Debug;
		};
		BEBE0AD11B5E374C00849C4A /* Release */ = {
			isa = XCBuildConfiguration;
			buildSettings = {
				ALWAYS_SEARCH_USER_PATHS = NO;
				CLANG_CXX_LANGUAGE_STANDARD = "gnu++0x";
				CLANG_CXX_LIBRARY = "libc++";
				CLANG_ENABLE_MODULES = YES;
				CLANG_ENABLE_OBJC_ARC = YES;
				CLANG_WARN_BOOL_CONVERSION = YES;
				CLANG_WARN_CONSTANT_CONVERSION = YES;
				CLANG_WARN_DIRECT_OBJC_ISA_USAGE = YES_ERROR;
				CLANG_WARN_EMPTY_BODY = YES;
				CLANG_WARN_ENUM_CONVERSION = YES;
				CLANG_WARN_INT_CONVERSION = YES;
				CLANG_WARN_OBJC_ROOT_CLASS = YES_ERROR;
				CLANG_WARN_UNREACHABLE_CODE = YES;
				CLANG_WARN__DUPLICATE_METHOD_MATCH = YES;
				COPY_PHASE_STRIP = NO;
				DEBUG_INFORMATION_FORMAT = "dwarf-with-dsym";
				ENABLE_NS_ASSERTIONS = NO;
				ENABLE_STRICT_OBJC_MSGSEND = YES;
				GCC_C_LANGUAGE_STANDARD = gnu99;
				GCC_NO_COMMON_BLOCKS = YES;
				GCC_WARN_64_TO_32_BIT_CONVERSION = YES;
				GCC_WARN_ABOUT_RETURN_TYPE = YES_ERROR;
				GCC_WARN_UNDECLARED_SELECTOR = YES;
				GCC_WARN_UNINITIALIZED_AUTOS = YES_AGGRESSIVE;
				GCC_WARN_UNUSED_FUNCTION = YES;
				GCC_WARN_UNUSED_VARIABLE = YES;
				MACOSX_DEPLOYMENT_TARGET = 10.10;
				MTL_ENABLE_DEBUG_INFO = NO;
				SDKROOT = macosx;
			};
			name = Release;
		};
		BEBE0AD31B5E374C00849C4A /* Debug */ = {
			isa = XCBuildConfiguration;
			buildSettings = {
				PRODUCT_NAME = "$(TARGET_NAME)";
			};
			name = Debug;
		};
		BEBE0AD41B5E374C00849C4A /* Release */ = {
			isa = XCBuildConfiguration;
			buildSettings = {
				PRODUCT_NAME = "$(TARGET_NAME)";
			};
			name = Release;
		};
/* End XCBuildConfiguration section */

/* Begin XCConfigurationList section */
		BEBE0AC61B5E374C00849C4A /* Build configuration list for PBXProject "testcpp" */ = {
			isa = XCConfigurationList;
			buildConfigurations = (
				BEBE0AD01B5E374C00849C4A /* Debug */,
				BEBE0AD11B5E374C00849C4A /* Release */,
			);
			defaultConfigurationIsVisible = 0;
			defaultConfigurationName = Release;
		};
		BEBE0AD21B5E374C00849C4A /* Build configuration list for PBXNativeTarget "testcpp" */ = {
			isa = XCConfigurationList;
			buildConfigurations = (
				BEBE0AD31B5E374C00849C4A /* Debug */,
				BEBE0AD41B5E374C00849C4A /* Release */,
			);
			defaultConfigurationIsVisible = 0;
		};
/* End XCConfigurationList section */
	};
	rootObject = BEBE0AC31B5E374C00849C4A /* Project object */;
}
