// !$*UTF8*$!
{
	archiveVersion = 1;
	classes = {
	};
	objectVersion = 46;
	objects = {

/* Begin PBXBuildFile section */
		BEA77EDE1BDBCF4D00ECF835 /* main.cpp in Sources */ = {isa = PBXBuildFile; fileRef = BEA77EDD1BDBCF4D00ECF835 /* main.cpp */; };
/* End PBXBuildFile section */

/* Begin PBXCopyFilesBuildPhase section */
		BEA77ED81BDBCF4D00ECF835 /* CopyFiles */ = {
			isa = PBXCopyFilesBuildPhase;
			buildActionMask = 2147483647;
			dstPath = /usr/share/man/man1/;
			dstSubfolderSpec = 0;
			files = (
			);
			runOnlyForDeploymentPostprocessing = 1;
		};
/* End PBXCopyFilesBuildPhase section */

/* Begin PBXFileReference section */
		BEA77EDA1BDBCF4D00ECF835 /* 基础DP1-N-Longest Ordered Subsequence */ = {isa = PBXFileReference; explicitFileType = "compiled.mach-o.executable"; includeInIndex = 0; path = "基础DP1-N-Longest Ordered Subsequence"; sourceTree = BUILT_PRODUCTS_DIR; };
		BEA77EDD1BDBCF4D00ECF835 /* main.cpp */ = {isa = PBXFileReference; lastKnownFileType = sourcecode.cpp.cpp; path = main.cpp; sourceTree = "<group>"; };
/* End PBXFileReference section */

/* Begin PBXFrameworksBuildPhase section */
		BEA77ED71BDBCF4D00ECF835 /* Frameworks */ = {
			isa = PBXFrameworksBuildPhase;
			buildActionMask = 2147483647;
			files = (
			);
			runOnlyForDeploymentPostprocessing = 0;
		};
/* End PBXFrameworksBuildPhase section */

/* Begin PBXGroup section */
		BEA77ED11BDBCF4D00ECF835 = {
			isa = PBXGroup;
			children = (
				BEA77EDC1BDBCF4D00ECF835 /* 基础DP1-N-Longest Ordered Subsequence */,
				BEA77EDB1BDBCF4D00ECF835 /* Products */,
			);
			sourceTree = "<group>";
		};
		BEA77EDB1BDBCF4D00ECF835 /* Products */ = {
			isa = PBXGroup;
			children = (
				BEA77EDA1BDBCF4D00ECF835 /* 基础DP1-N-Longest Ordered Subsequence */,
			);
			name = Products;
			sourceTree = "<group>";
		};
		BEA77EDC1BDBCF4D00ECF835 /* 基础DP1-N-Longest Ordered Subsequence */ = {
			isa = PBXGroup;
			children = (
				BEA77EDD1BDBCF4D00ECF835 /* main.cpp */,
			);
			path = "基础DP1-N-Longest Ordered Subsequence";
			sourceTree = "<group>";
		};
/* End PBXGroup section */

/* Begin PBXNativeTarget section */
		BEA77ED91BDBCF4D00ECF835 /* 基础DP1-N-Longest Ordered Subsequence */ = {
			isa = PBXNativeTarget;
			buildConfigurationList = BEA77EE11BDBCF4D00ECF835 /* Build configuration list for PBXNativeTarget "基础DP1-N-Longest Ordered Subsequence" */;
			buildPhases = (
				BEA77ED61BDBCF4D00ECF835 /* Sources */,
				BEA77ED71BDBCF4D00ECF835 /* Frameworks */,
				BEA77ED81BDBCF4D00ECF835 /* CopyFiles */,
			);
			buildRules = (
			);
			dependencies = (
			);
			name = "基础DP1-N-Longest Ordered Subsequence";
			productName = "基础DP1-N-Longest Ordered Subsequence";
			productReference = BEA77EDA1BDBCF4D00ECF835 /* 基础DP1-N-Longest Ordered Subsequence */;
			productType = "com.apple.product-type.tool";
		};
/* End PBXNativeTarget section */

/* Begin PBXProject section */
		BEA77ED21BDBCF4D00ECF835 /* Project object */ = {
			isa = PBXProject;
			attributes = {
				LastUpgradeCheck = 0700;
				ORGANIZATIONNAME = "袁子涵";
				TargetAttributes = {
					BEA77ED91BDBCF4D00ECF835 = {
						CreatedOnToolsVersion = 7.0.1;
					};
				};
			};
			buildConfigurationList = BEA77ED51BDBCF4D00ECF835 /* Build configuration list for PBXProject "基础DP1-N-Longest Ordered Subsequence" */;
			compatibilityVersion = "Xcode 3.2";
			developmentRegion = English;
			hasScannedForEncodings = 0;
			knownRegions = (
				en,
			);
			mainGroup = BEA77ED11BDBCF4D00ECF835;
			productRefGroup = BEA77EDB1BDBCF4D00ECF835 /* Products */;
			projectDirPath = "";
			projectRoot = "";
			targets = (
				BEA77ED91BDBCF4D00ECF835 /* 基础DP1-N-Longest Ordered Subsequence */,
			);
		};
/* End PBXProject section */

/* Begin PBXSourcesBuildPhase section */
		BEA77ED61BDBCF4D00ECF835 /* Sources */ = {
			isa = PBXSourcesBuildPhase;
			buildActionMask = 2147483647;
			files = (
				BEA77EDE1BDBCF4D00ECF835 /* main.cpp in Sources */,
			);
			runOnlyForDeploymentPostprocessing = 0;
		};
/* End PBXSourcesBuildPhase section */

/* Begin XCBuildConfiguration section */
		BEA77EDF1BDBCF4D00ECF835 /* Debug */ = {
			isa = XCBuildConfiguration;
			buildSettings = {
				ALWAYS_SEARCH_USER_PATHS = NO;
				CLANG_CXX_LANGUAGE_STANDARD = "gnu++0x";
				CLANG_CXX_LIBRARY = "libc++";
				CLANG_ENABLE_MODULES = YES;
				CLANG_ENABLE_OBJC_ARC = YES;
				CLANG_WARN_BOOL_CONVERSION = YES;
				CLANG_WARN_CONSTANT_CONVERSION = YES;
				CLANG_WARN_DIRECT_OBJC_ISA_USAGE = YES_ERROR;
				CLANG_WARN_EMPTY_BODY = YES;
				CLANG_WARN_ENUM_CONVERSION = YES;
				CLANG_WARN_INT_CONVERSION = YES;
				CLANG_WARN_OBJC_ROOT_CLASS = YES_ERROR;
				CLANG_WARN_UNREACHABLE_CODE = YES;
				CLANG_WARN__DUPLICATE_METHOD_MATCH = YES;
				COPY_PHASE_STRIP = NO;
				DEBUG_INFORMATION_FORMAT = dwarf;
				ENABLE_STRICT_OBJC_MSGSEND = YES;
				ENABLE_TESTABILITY = YES;
				GCC_C_LANGUAGE_STANDARD = gnu99;
				GCC_DYNAMIC_NO_PIC = NO;
				GCC_NO_COMMON_BLOCKS = YES;
				GCC_OPTIMIZATION_LEVEL = 0;
				GCC_PREPROCESSOR_DEFINITIONS = (
					"DEBUG=1",
					"$(inherited)",
				);
				GCC_WARN_64_TO_32_BIT_CONVERSION = YES;
				GCC_WARN_ABOUT_RETURN_TYPE = YES_ERROR;
				GCC_WARN_UNDECLARED_SELECTOR = YES;
				GCC_WARN_UNINITIALIZED_AUTOS = YES_AGGRESSIVE;
				GCC_WARN_UNUSED_FUNCTION = YES;
				GCC_WARN_UNUSED_VARIABLE = YES;
				MACOSX_DEPLOYMENT_TARGET = 10.10;
				MTL_ENABLE_DEBUG_INFO = YES;
				ONLY_ACTIVE_ARCH = YES;
				SDKROOT = macosx;
			};
			name = Debug;
		};
		BEA77EE01BDBCF4D00ECF835 /* Release */ = {
			isa = XCBuildConfiguration;
			buildSettings = {
				ALWAYS_SEARCH_USER_PATHS = NO;
				CLANG_CXX_LANGUAGE_STANDARD = "gnu++0x";
				CLANG_CXX_LIBRARY = "libc++";
				CLANG_ENABLE_MODULES = YES;
				CLANG_ENABLE_OBJC_ARC = YES;
				CLANG_WARN_BOOL_CONVERSION = YES;
				CLANG_WARN_CONSTANT_CONVERSION = YES;
				CLANG_WARN_DIRECT_OBJC_ISA_USAGE = YES_ERROR;
				CLANG_WARN_EMPTY_BODY = YES;
				CLANG_WARN_ENUM_CONVERSION = YES;
				CLANG_WARN_INT_CONVERSION = YES;
				CLANG_WARN_OBJC_ROOT_CLASS = YES_ERROR;
				CLANG_WARN_UNREACHABLE_CODE = YES;
				CLANG_WARN__DUPLICATE_METHOD_MATCH = YES;
				COPY_PHASE_STRIP = NO;
				DEBUG_INFORMATION_FORMAT = "dwarf-with-dsym";
				ENABLE_NS_ASSERTIONS = NO;
				ENABLE_STRICT_OBJC_MSGSEND = YES;
				GCC_C_LANGUAGE_STANDARD = gnu99;
				GCC_NO_COMMON_BLOCKS = YES;
				GCC_WARN_64_TO_32_BIT_CONVERSION = YES;
				GCC_WARN_ABOUT_RETURN_TYPE = YES_ERROR;
				GCC_WARN_UNDECLARED_SELECTOR = YES;
				GCC_WARN_UNINITIALIZED_AUTOS = YES_AGGRESSIVE;
				GCC_WARN_UNUSED_FUNCTION = YES;
				GCC_WARN_UNUSED_VARIABLE = YES;
				MACOSX_DEPLOYMENT_TARGET = 10.10;
				MTL_ENABLE_DEBUG_INFO = NO;
				SDKROOT = macosx;
			};
			name = Release;
		};
		BEA77EE21BDBCF4D00ECF835 /* Debug */ = {
			isa = XCBuildConfiguration;
			buildSettings = {
				PRODUCT_NAME = "$(TARGET_NAME)";
			};
			name = Debug;
		};
		BEA77EE31BDBCF4D00ECF835 /* Release */ = {
			isa = XCBuildConfiguration;
			buildSettings = {
				PRODUCT_NAME = "$(TARGET_NAME)";
			};
			name = Release;
		};
/* End XCBuildConfiguration section */

/* Begin XCConfigurationList section */
		BEA77ED51BDBCF4D00ECF835 /* Build configuration list for PBXProject "基础DP1-N-Longest Ordered Subsequence" */ = {
			isa = XCConfigurationList;
			buildConfigurations = (
				BEA77EDF1BDBCF4D00ECF835 /* Debug */,
				BEA77EE01BDBCF4D00ECF835 /* Release */,
			);
			defaultConfigurationIsVisible = 0;
			defaultConfigurationName = Release;
		};
		BEA77EE11BDBCF4D00ECF835 /* Build configuration list for PBXNativeTarget "基础DP1-N-Longest Ordered Subsequence" */ = {
			isa = XCConfigurationList;
			buildConfigurations = (
				BEA77EE21BDBCF4D00ECF835 /* Debug */,
				BEA77EE31BDBCF4D00ECF835 /* Release */,
			);
			defaultConfigurationIsVisible = 0;
		};
/* End XCConfigurationList section */
	};
	rootObject = BEA77ED21BDBCF4D00ECF835 /* Project object */;
}
