// !$*UTF8*$!
{
	archiveVersion = 1;
	classes = {
	};
	objectVersion = 46;
	objects = {

/* Begin PBXBuildFile section */
		BE45C2FE1C07078A009CF5DE /* main.cpp in Sources */ = {isa = PBXBuildFile; fileRef = BE45C2FD1C07078A009CF5DE /* main.cpp */; };
/* End PBXBuildFile section */

/* Begin PBXCopyFilesBuildPhase section */
		BE45C2F81C07078A009CF5DE /* CopyFiles */ = {
			isa = PBXCopyFilesBuildPhase;
			buildActionMask = 2147483647;
			dstPath = /usr/share/man/man1/;
			dstSubfolderSpec = 0;
			files = (
			);
			runOnlyForDeploymentPostprocessing = 1;
		};
/* End PBXCopyFilesBuildPhase section */

/* Begin PBXFileReference section */
		BE45C2FA1C07078A009CF5DE /* POJ-1797-Heavy Transportation */ = {isa = PBXFileReference; explicitFileType = "compiled.mach-o.executable"; includeInIndex = 0; path = "POJ-1797-Heavy Transportation"; sourceTree = BUILT_PRODUCTS_DIR; };
		BE45C2FD1C07078A009CF5DE /* main.cpp */ = {isa = PBXFileReference; lastKnownFileType = sourcecode.cpp.cpp; path = main.cpp; sourceTree = "<group>"; };
/* End PBXFileReference section */

/* Begin PBXFrameworksBuildPhase section */
		BE45C2F71C07078A009CF5DE /* Frameworks */ = {
			isa = PBXFrameworksBuildPhase;
			buildActionMask = 2147483647;
			files = (
			);
			runOnlyForDeploymentPostprocessing = 0;
		};
/* End PBXFrameworksBuildPhase section */

/* Begin PBXGroup section */
		BE45C2F11C07078A009CF5DE = {
			isa = PBXGroup;
			children = (
				BE45C2FC1C07078A009CF5DE /* POJ-1797-Heavy Transportation */,
				BE45C2FB1C07078A009CF5DE /* Products */,
			);
			sourceTree = "<group>";
		};
		BE45C2FB1C07078A009CF5DE /* Products */ = {
			isa = PBXGroup;
			children = (
				BE45C2FA1C07078A009CF5DE /* POJ-1797-Heavy Transportation */,
			);
			name = Products;
			sourceTree = "<group>";
		};
		BE45C2FC1C07078A009CF5DE /* POJ-1797-Heavy Transportation */ = {
			isa = PBXGroup;
			children = (
				BE45C2FD1C07078A009CF5DE /* main.cpp */,
			);
			path = "POJ-1797-Heavy Transportation";
			sourceTree = "<group>";
		};
/* End PBXGroup section */

/* Begin PBXNativeTarget section */
		BE45C2F91C07078A009CF5DE /* POJ-1797-Heavy Transportation */ = {
			isa = PBXNativeTarget;
			buildConfigurationList = BE45C3011C07078A009CF5DE /* Build configuration list for PBXNativeTarget "POJ-1797-Heavy Transportation" */;
			buildPhases = (
				BE45C2F61C07078A009CF5DE /* Sources */,
				BE45C2F71C07078A009CF5DE /* Frameworks */,
				BE45C2F81C07078A009CF5DE /* CopyFiles */,
			);
			buildRules = (
			);
			dependencies = (
			);
			name = "POJ-1797-Heavy Transportation";
			productName = "POJ-1797-Heavy Transportation";
			productReference = BE45C2FA1C07078A009CF5DE /* POJ-1797-Heavy Transportation */;
			productType = "com.apple.product-type.tool";
		};
/* End PBXNativeTarget section */

/* Begin PBXProject section */
		BE45C2F21C07078A009CF5DE /* Project object */ = {
			isa = PBXProject;
			attributes = {
				LastUpgradeCheck = 0700;
				ORGANIZATIONNAME = "袁子涵";
				TargetAttributes = {
					BE45C2F91C07078A009CF5DE = {
						CreatedOnToolsVersion = 7.0.1;
					};
				};
			};
			buildConfigurationList = BE45C2F51C07078A009CF5DE /* Build configuration list for PBXProject "POJ-1797-Heavy Transportation" */;
			compatibilityVersion = "Xcode 3.2";
			developmentRegion = English;
			hasScannedForEncodings = 0;
			knownRegions = (
				en,
			);
			mainGroup = BE45C2F11C07078A009CF5DE;
			productRefGroup = BE45C2FB1C07078A009CF5DE /* Products */;
			projectDirPath = "";
			projectRoot = "";
			targets = (
				BE45C2F91C07078A009CF5DE /* POJ-1797-Heavy Transportation */,
			);
		};
/* End PBXProject section */

/* Begin PBXSourcesBuildPhase section */
		BE45C2F61C07078A009CF5DE /* Sources */ = {
			isa = PBXSourcesBuildPhase;
			buildActionMask = 2147483647;
			files = (
				BE45C2FE1C07078A009CF5DE /* main.cpp in Sources */,
			);
			runOnlyForDeploymentPostprocessing = 0;
		};
/* End PBXSourcesBuildPhase section */

/* Begin XCBuildConfiguration section */
		BE45C2FF1C07078A009CF5DE /* Debug */ = {
			isa = XCBuildConfiguration;
			buildSettings = {
				ALWAYS_SEARCH_USER_PATHS = NO;
				CLANG_CXX_LANGUAGE_STANDARD = "gnu++0x";
				CLANG_CXX_LIBRARY = "libc++";
				CLANG_ENABLE_MODULES = YES;
				CLANG_ENABLE_OBJC_ARC = YES;
				CLANG_WARN_BOOL_CONVERSION = YES;
				CLANG_WARN_CONSTANT_CONVERSION = YES;
				CLANG_WARN_DIRECT_OBJC_ISA_USAGE = YES_ERROR;
				CLANG_WARN_EMPTY_BODY = YES;
				CLANG_WARN_ENUM_CONVERSION = YES;
				CLANG_WARN_INT_CONVERSION = YES;
				CLANG_WARN_OBJC_ROOT_CLASS = YES_ERROR;
				CLANG_WARN_UNREACHABLE_CODE = YES;
				CLANG_WARN__DUPLICATE_METHOD_MATCH = YES;
				COPY_PHASE_STRIP = NO;
				DEBUG_INFORMATION_FORMAT = dwarf;
				ENABLE_STRICT_OBJC_MSGSEND = YES;
				ENABLE_TESTABILITY = YES;
				GCC_C_LANGUAGE_STANDARD = gnu99;
				GCC_DYNAMIC_NO_PIC = NO;
				GCC_NO_COMMON_BLOCKS = YES;
				GCC_OPTIMIZATION_LEVEL = 0;
				GCC_PREPROCESSOR_DEFINITIONS = (
					"DEBUG=1",
					"$(inherited)",
				);
				GCC_WARN_64_TO_32_BIT_CONVERSION = YES;
				GCC_WARN_ABOUT_RETURN_TYPE = YES_ERROR;
				GCC_WARN_UNDECLARED_SELECTOR = YES;
				GCC_WARN_UNINITIALIZED_AUTOS = YES_AGGRESSIVE;
				GCC_WARN_UNUSED_FUNCTION = YES;
				GCC_WARN_UNUSED_VARIABLE = YES;
				MACOSX_DEPLOYMENT_TARGET = 10.10;
				MTL_ENABLE_DEBUG_INFO = YES;
				ONLY_ACTIVE_ARCH = YES;
				SDKROOT = macosx;
			};
			name = Debug;
		};
		BE45C3001C07078A009CF5DE /* Release */ = {
			isa = XCBuildConfiguration;
			buildSettings = {
				ALWAYS_SEARCH_USER_PATHS = NO;
				CLANG_CXX_LANGUAGE_STANDARD = "gnu++0x";
				CLANG_CXX_LIBRARY = "libc++";
				CLANG_ENABLE_MODULES = YES;
				CLANG_ENABLE_OBJC_ARC = YES;
				CLANG_WARN_BOOL_CONVERSION = YES;
				CLANG_WARN_CONSTANT_CONVERSION = YES;
				CLANG_WARN_DIRECT_OBJC_ISA_USAGE = YES_ERROR;
				CLANG_WARN_EMPTY_BODY = YES;
				CLANG_WARN_ENUM_CONVERSION = YES;
				CLANG_WARN_INT_CONVERSION = YES;
				CLANG_WARN_OBJC_ROOT_CLASS = YES_ERROR;
				CLANG_WARN_UNREACHABLE_CODE = YES;
				CLANG_WARN__DUPLICATE_METHOD_MATCH = YES;
				COPY_PHASE_STRIP = NO;
				DEBUG_INFORMATION_FORMAT = "dwarf-with-dsym";
				ENABLE_NS_ASSERTIONS = NO;
				ENABLE_STRICT_OBJC_MSGSEND = YES;
				GCC_C_LANGUAGE_STANDARD = gnu99;
				GCC_NO_COMMON_BLOCKS = YES;
				GCC_WARN_64_TO_32_BIT_CONVERSION = YES;
				GCC_WARN_ABOUT_RETURN_TYPE = YES_ERROR;
				GCC_WARN_UNDECLARED_SELECTOR = YES;
				GCC_WARN_UNINITIALIZED_AUTOS = YES_AGGRESSIVE;
				GCC_WARN_UNUSED_FUNCTION = YES;
				GCC_WARN_UNUSED_VARIABLE = YES;
				MACOSX_DEPLOYMENT_TARGET = 10.10;
				MTL_ENABLE_DEBUG_INFO = NO;
				SDKROOT = macosx;
			};
			name = Release;
		};
		BE45C3021C07078A009CF5DE /* Debug */ = {
			isa = XCBuildConfiguration;
			buildSettings = {
				PRODUCT_NAME = "$(TARGET_NAME)";
			};
			name = Debug;
		};
		BE45C3031C07078A009CF5DE /* Release */ = {
			isa = XCBuildConfiguration;
			buildSettings = {
				PRODUCT_NAME = "$(TARGET_NAME)";
			};
			name = Release;
		};
/* End XCBuildConfiguration section */

/* Begin XCConfigurationList section */
		BE45C2F51C07078A009CF5DE /* Build configuration list for PBXProject "POJ-1797-Heavy Transportation" */ = {
			isa = XCConfigurationList;
			buildConfigurations = (
				BE45C2FF1C07078A009CF5DE /* Debug */,
				BE45C3001C07078A009CF5DE /* Release */,
			);
			defaultConfigurationIsVisible = 0;
			defaultConfigurationName = Release;
		};
		BE45C3011C07078A009CF5DE /* Build configuration list for PBXNativeTarget "POJ-1797-Heavy Transportation" */ = {
			isa = XCConfigurationList;
			buildConfigurations = (
				BE45C3021C07078A009CF5DE /* Debug */,
				BE45C3031C07078A009CF5DE /* Release */,
			);
			defaultConfigurationIsVisible = 0;
		};
/* End XCConfigurationList section */
	};
	rootObject = BE45C2F21C07078A009CF5DE /* Project object */;
}
