// !$*UTF8*$!
{
	archiveVersion = 1;
	classes = {
	};
	objectVersion = 46;
	objects = {

/* Begin PBXBuildFile section */
		BE1158551C75EDF4006528E2 /* main.cpp in Sources */ = {isa = PBXBuildFile; fileRef = BE1158541C75EDF4006528E2 /* main.cpp */; };
/* End PBXBuildFile section */

/* Begin PBXCopyFilesBuildPhase section */
		BE11584F1C75EDF4006528E2 /* CopyFiles */ = {
			isa = PBXCopyFilesBuildPhase;
			buildActionMask = 2147483647;
			dstPath = /usr/share/man/man1/;
			dstSubfolderSpec = 0;
			files = (
			);
			runOnlyForDeploymentPostprocessing = 1;
		};
/* End PBXCopyFilesBuildPhase section */

/* Begin PBXFileReference section */
		BE1158511C75EDF4006528E2 /* 并查集-D-How Many Answers Are Wrong */ = {isa = PBXFileReference; explicitFileType = "compiled.mach-o.executable"; includeInIndex = 0; path = "并查集-D-How Many Answers Are Wrong"; sourceTree = BUILT_PRODUCTS_DIR; };
		BE1158541C75EDF4006528E2 /* main.cpp */ = {isa = PBXFileReference; lastKnownFileType = sourcecode.cpp.cpp; path = main.cpp; sourceTree = "<group>"; };
/* End PBXFileReference section */

/* Begin PBXFrameworksBuildPhase section */
		BE11584E1C75EDF4006528E2 /* Frameworks */ = {
			isa = PBXFrameworksBuildPhase;
			buildActionMask = 2147483647;
			files = (
			);
			runOnlyForDeploymentPostprocessing = 0;
		};
/* End PBXFrameworksBuildPhase section */

/* Begin PBXGroup section */
		BE1158481C75EDF4006528E2 = {
			isa = PBXGroup;
			children = (
				BE1158531C75EDF4006528E2 /* 并查集-D-How Many Answers Are Wrong */,
				BE1158521C75EDF4006528E2 /* Products */,
			);
			sourceTree = "<group>";
		};
		BE1158521C75EDF4006528E2 /* Products */ = {
			isa = PBXGroup;
			children = (
				BE1158511C75EDF4006528E2 /* 并查集-D-How Many Answers Are Wrong */,
			);
			name = Products;
			sourceTree = "<group>";
		};
		BE1158531C75EDF4006528E2 /* 并查集-D-How Many Answers Are Wrong */ = {
			isa = PBXGroup;
			children = (
				BE1158541C75EDF4006528E2 /* main.cpp */,
			);
			path = "并查集-D-How Many Answers Are Wrong";
			sourceTree = "<group>";
		};
/* End PBXGroup section */

/* Begin PBXNativeTarget section */
		BE1158501C75EDF4006528E2 /* 并查集-D-How Many Answers Are Wrong */ = {
			isa = PBXNativeTarget;
			buildConfigurationList = BE1158581C75EDF4006528E2 /* Build configuration list for PBXNativeTarget "并查集-D-How Many Answers Are Wrong" */;
			buildPhases = (
				BE11584D1C75EDF4006528E2 /* Sources */,
				BE11584E1C75EDF4006528E2 /* Frameworks */,
				BE11584F1C75EDF4006528E2 /* CopyFiles */,
			);
			buildRules = (
			);
			dependencies = (
			);
			name = "并查集-D-How Many Answers Are Wrong";
			productName = "并查集-D-How Many Answers Are Wrong";
			productReference = BE1158511C75EDF4006528E2 /* 并查集-D-How Many Answers Are Wrong */;
			productType = "com.apple.product-type.tool";
		};
/* End PBXNativeTarget section */

/* Begin PBXProject section */
		BE1158491C75EDF4006528E2 /* Project object */ = {
			isa = PBXProject;
			attributes = {
				LastUpgradeCheck = 0720;
				ORGANIZATIONNAME = "袁子涵";
				TargetAttributes = {
					BE1158501C75EDF4006528E2 = {
						CreatedOnToolsVersion = 7.2;
					};
				};
			};
			buildConfigurationList = BE11584C1C75EDF4006528E2 /* Build configuration list for PBXProject "并查集-D-How Many Answers Are Wrong" */;
			compatibilityVersion = "Xcode 3.2";
			developmentRegion = English;
			hasScannedForEncodings = 0;
			knownRegions = (
				en,
			);
			mainGroup = BE1158481C75EDF4006528E2;
			productRefGroup = BE1158521C75EDF4006528E2 /* Products */;
			projectDirPath = "";
			projectRoot = "";
			targets = (
				BE1158501C75EDF4006528E2 /* 并查集-D-How Many Answers Are Wrong */,
			);
		};
/* End PBXProject section */

/* Begin PBXSourcesBuildPhase section */
		BE11584D1C75EDF4006528E2 /* Sources */ = {
			isa = PBXSourcesBuildPhase;
			buildActionMask = 2147483647;
			files = (
				BE1158551C75EDF4006528E2 /* main.cpp in Sources */,
			);
			runOnlyForDeploymentPostprocessing = 0;
		};
/* End PBXSourcesBuildPhase section */

/* Begin XCBuildConfiguration section */
		BE1158561C75EDF4006528E2 /* Debug */ = {
			isa = XCBuildConfiguration;
			buildSettings = {
				ALWAYS_SEARCH_USER_PATHS = NO;
				CLANG_CXX_LANGUAGE_STANDARD = "gnu++0x";
				CLANG_CXX_LIBRARY = "libc++";
				CLANG_ENABLE_MODULES = YES;
				CLANG_ENABLE_OBJC_ARC = YES;
				CLANG_WARN_BOOL_CONVERSION = YES;
				CLANG_WARN_CONSTANT_CONVERSION = YES;
				CLANG_WARN_DIRECT_OBJC_ISA_USAGE = YES_ERROR;
				CLANG_WARN_EMPTY_BODY = YES;
				CLANG_WARN_ENUM_CONVERSION = YES;
				CLANG_WARN_INT_CONVERSION = YES;
				CLANG_WARN_OBJC_ROOT_CLASS = YES_ERROR;
				CLANG_WARN_UNREACHABLE_CODE = YES;
				CLANG_WARN__DUPLICATE_METHOD_MATCH = YES;
				CODE_SIGN_IDENTITY = "-";
				COPY_PHASE_STRIP = NO;
				DEBUG_INFORMATION_FORMAT = dwarf;
				ENABLE_STRICT_OBJC_MSGSEND = YES;
				ENABLE_TESTABILITY = YES;
				GCC_C_LANGUAGE_STANDARD = gnu99;
				GCC_DYNAMIC_NO_PIC = NO;
				GCC_NO_COMMON_BLOCKS = YES;
				GCC_OPTIMIZATION_LEVEL = 0;
				GCC_PREPROCESSOR_DEFINITIONS = (
					"DEBUG=1",
					"$(inherited)",
				);
				GCC_WARN_64_TO_32_BIT_CONVERSION = YES;
				GCC_WARN_ABOUT_RETURN_TYPE = YES_ERROR;
				GCC_WARN_UNDECLARED_SELECTOR = YES;
				GCC_WARN_UNINITIALIZED_AUTOS = YES_AGGRESSIVE;
				GCC_WARN_UNUSED_FUNCTION = YES;
				GCC_WARN_UNUSED_VARIABLE = YES;
				MACOSX_DEPLOYMENT_TARGET = 10.10;
				MTL_ENABLE_DEBUG_INFO = YES;
				ONLY_ACTIVE_ARCH = YES;
				SDKROOT = macosx;
			};
			name = Debug;
		};
		BE1158571C75EDF4006528E2 /* Release */ = {
			isa = XCBuildConfiguration;
			buildSettings = {
				ALWAYS_SEARCH_USER_PATHS = NO;
				CLANG_CXX_LANGUAGE_STANDARD = "gnu++0x";
				CLANG_CXX_LIBRARY = "libc++";
				CLANG_ENABLE_MODULES = YES;
				CLANG_ENABLE_OBJC_ARC = YES;
				CLANG_WARN_BOOL_CONVERSION = YES;
				CLANG_WARN_CONSTANT_CONVERSION = YES;
				CLANG_WARN_DIRECT_OBJC_ISA_USAGE = YES_ERROR;
				CLANG_WARN_EMPTY_BODY = YES;
				CLANG_WARN_ENUM_CONVERSION = YES;
				CLANG_WARN_INT_CONVERSION = YES;
				CLANG_WARN_OBJC_ROOT_CLASS = YES_ERROR;
				CLANG_WARN_UNREACHABLE_CODE = YES;
				CLANG_WARN__DUPLICATE_METHOD_MATCH = YES;
				CODE_SIGN_IDENTITY = "-";
				COPY_PHASE_STRIP = NO;
				DEBUG_INFORMATION_FORMAT = "dwarf-with-dsym";
				ENABLE_NS_ASSERTIONS = NO;
				ENABLE_STRICT_OBJC_MSGSEND = YES;
				GCC_C_LANGUAGE_STANDARD = gnu99;
				GCC_NO_COMMON_BLOCKS = YES;
				GCC_WARN_64_TO_32_BIT_CONVERSION = YES;
				GCC_WARN_ABOUT_RETURN_TYPE = YES_ERROR;
				GCC_WARN_UNDECLARED_SELECTOR = YES;
				GCC_WARN_UNINITIALIZED_AUTOS = YES_AGGRESSIVE;
				GCC_WARN_UNUSED_FUNCTION = YES;
				GCC_WARN_UNUSED_VARIABLE = YES;
				MACOSX_DEPLOYMENT_TARGET = 10.10;
				MTL_ENABLE_DEBUG_INFO = NO;
				SDKROOT = macosx;
			};
			name = Release;
		};
		BE1158591C75EDF4006528E2 /* Debug */ = {
			isa = XCBuildConfiguration;
			buildSettings = {
				PRODUCT_NAME = "$(TARGET_NAME)";
			};
			name = Debug;
		};
		BE11585A1C75EDF4006528E2 /* Release */ = {
			isa = XCBuildConfiguration;
			buildSettings = {
				PRODUCT_NAME = "$(TARGET_NAME)";
			};
			name = Release;
		};
/* End XCBuildConfiguration section */

/* Begin XCConfigurationList section */
		BE11584C1C75EDF4006528E2 /* Build configuration list for PBXProject "并查集-D-How Many Answers Are Wrong" */ = {
			isa = XCConfigurationList;
			buildConfigurations = (
				BE1158561C75EDF4006528E2 /* Debug */,
				BE1158571C75EDF4006528E2 /* Release */,
			);
			defaultConfigurationIsVisible = 0;
			defaultConfigurationName = Release;
		};
		BE1158581C75EDF4006528E2 /* Build configuration list for PBXNativeTarget "并查集-D-How Many Answers Are Wrong" */ = {
			isa = XCConfigurationList;
			buildConfigurations = (
				BE1158591C75EDF4006528E2 /* Debug */,
				BE11585A1C75EDF4006528E2 /* Release */,
			);
			defaultConfigurationIsVisible = 0;
		};
/* End XCConfigurationList section */
	};
	rootObject = BE1158491C75EDF4006528E2 /* Project object */;
}
