// !$*UTF8*$!
{
	archiveVersion = 1;
	classes = {
	};
	objectVersion = 46;
	objects = {

/* Begin PBXBuildFile section */
		BE9B631F1BD9EBEC001F6024 /* main.cpp in Sources */ = {isa = PBXBuildFile; fileRef = BE9B631E1BD9EBEC001F6024 /* main.cpp */; };
/* End PBXBuildFile section */

/* Begin PBXCopyFilesBuildPhase section */
		BE9B63191BD9EBEC001F6024 /* CopyFiles */ = {
			isa = PBXCopyFilesBuildPhase;
			buildActionMask = 2147483647;
			dstPath = /usr/share/man/man1/;
			dstSubfolderSpec = 0;
			files = (
			);
			runOnlyForDeploymentPostprocessing = 1;
		};
/* End PBXCopyFilesBuildPhase section */

/* Begin PBXFileReference section */
		BE9B631B1BD9EBEC001F6024 /* 基础DP1-C-Monkeys and Banana */ = {isa = PBXFileReference; explicitFileType = "compiled.mach-o.executable"; includeInIndex = 0; path = "基础DP1-C-Monkeys and Banana"; sourceTree = BUILT_PRODUCTS_DIR; };
		BE9B631E1BD9EBEC001F6024 /* main.cpp */ = {isa = PBXFileReference; lastKnownFileType = sourcecode.cpp.cpp; path = main.cpp; sourceTree = "<group>"; };
/* End PBXFileReference section */

/* Begin PBXFrameworksBuildPhase section */
		BE9B63181BD9EBEC001F6024 /* Frameworks */ = {
			isa = PBXFrameworksBuildPhase;
			buildActionMask = 2147483647;
			files = (
			);
			runOnlyForDeploymentPostprocessing = 0;
		};
/* End PBXFrameworksBuildPhase section */

/* Begin PBXGroup section */
		BE9B63121BD9EBEC001F6024 = {
			isa = PBXGroup;
			children = (
				BE9B631D1BD9EBEC001F6024 /* 基础DP1-C-Monkeys and Banana */,
				BE9B631C1BD9EBEC001F6024 /* Products */,
			);
			sourceTree = "<group>";
		};
		BE9B631C1BD9EBEC001F6024 /* Products */ = {
			isa = PBXGroup;
			children = (
				BE9B631B1BD9EBEC001F6024 /* 基础DP1-C-Monkeys and Banana */,
			);
			name = Products;
			sourceTree = "<group>";
		};
		BE9B631D1BD9EBEC001F6024 /* 基础DP1-C-Monkeys and Banana */ = {
			isa = PBXGroup;
			children = (
				BE9B631E1BD9EBEC001F6024 /* main.cpp */,
			);
			path = "基础DP1-C-Monkeys and Banana";
			sourceTree = "<group>";
		};
/* End PBXGroup section */

/* Begin PBXNativeTarget section */
		BE9B631A1BD9EBEC001F6024 /* 基础DP1-C-Monkeys and Banana */ = {
			isa = PBXNativeTarget;
			buildConfigurationList = BE9B63221BD9EBEC001F6024 /* Build configuration list for PBXNativeTarget "基础DP1-C-Monkeys and Banana" */;
			buildPhases = (
				BE9B63171BD9EBEC001F6024 /* Sources */,
				BE9B63181BD9EBEC001F6024 /* Frameworks */,
				BE9B63191BD9EBEC001F6024 /* CopyFiles */,
			);
			buildRules = (
			);
			dependencies = (
			);
			name = "基础DP1-C-Monkeys and Banana";
			productName = "基础DP1-C-Monkeys and Banana";
			productReference = BE9B631B1BD9EBEC001F6024 /* 基础DP1-C-Monkeys and Banana */;
			productType = "com.apple.product-type.tool";
		};
/* End PBXNativeTarget section */

/* Begin PBXProject section */
		BE9B63131BD9EBEC001F6024 /* Project object */ = {
			isa = PBXProject;
			attributes = {
				LastUpgradeCheck = 0700;
				ORGANIZATIONNAME = "袁子涵";
				TargetAttributes = {
					BE9B631A1BD9EBEC001F6024 = {
						CreatedOnToolsVersion = 7.0.1;
					};
				};
			};
			buildConfigurationList = BE9B63161BD9EBEC001F6024 /* Build configuration list for PBXProject "基础DP1-C-Monkeys and Banana" */;
			compatibilityVersion = "Xcode 3.2";
			developmentRegion = English;
			hasScannedForEncodings = 0;
			knownRegions = (
				en,
			);
			mainGroup = BE9B63121BD9EBEC001F6024;
			productRefGroup = BE9B631C1BD9EBEC001F6024 /* Products */;
			projectDirPath = "";
			projectRoot = "";
			targets = (
				BE9B631A1BD9EBEC001F6024 /* 基础DP1-C-Monkeys and Banana */,
			);
		};
/* End PBXProject section */

/* Begin PBXSourcesBuildPhase section */
		BE9B63171BD9EBEC001F6024 /* Sources */ = {
			isa = PBXSourcesBuildPhase;
			buildActionMask = 2147483647;
			files = (
				BE9B631F1BD9EBEC001F6024 /* main.cpp in Sources */,
			);
			runOnlyForDeploymentPostprocessing = 0;
		};
/* End PBXSourcesBuildPhase section */

/* Begin XCBuildConfiguration section */
		BE9B63201BD9EBEC001F6024 /* Debug */ = {
			isa = XCBuildConfiguration;
			buildSettings = {
				ALWAYS_SEARCH_USER_PATHS = NO;
				CLANG_CXX_LANGUAGE_STANDARD = "gnu++0x";
				CLANG_CXX_LIBRARY = "libc++";
				CLANG_ENABLE_MODULES = YES;
				CLANG_ENABLE_OBJC_ARC = YES;
				CLANG_WARN_BOOL_CONVERSION = YES;
				CLANG_WARN_CONSTANT_CONVERSION = YES;
				CLANG_WARN_DIRECT_OBJC_ISA_USAGE = YES_ERROR;
				CLANG_WARN_EMPTY_BODY = YES;
				CLANG_WARN_ENUM_CONVERSION = YES;
				CLANG_WARN_INT_CONVERSION = YES;
				CLANG_WARN_OBJC_ROOT_CLASS = YES_ERROR;
				CLANG_WARN_UNREACHABLE_CODE = YES;
				CLANG_WARN__DUPLICATE_METHOD_MATCH = YES;
				COPY_PHASE_STRIP = NO;
				DEBUG_INFORMATION_FORMAT = dwarf;
				ENABLE_STRICT_OBJC_MSGSEND = YES;
				ENABLE_TESTABILITY = YES;
				GCC_C_LANGUAGE_STANDARD = gnu99;
				GCC_DYNAMIC_NO_PIC = NO;
				GCC_NO_COMMON_BLOCKS = YES;
				GCC_OPTIMIZATION_LEVEL = 0;
				GCC_PREPROCESSOR_DEFINITIONS = (
					"DEBUG=1",
					"$(inherited)",
				);
				GCC_WARN_64_TO_32_BIT_CONVERSION = YES;
				GCC_WARN_ABOUT_RETURN_TYPE = YES_ERROR;
				GCC_WARN_UNDECLARED_SELECTOR = YES;
				GCC_WARN_UNINITIALIZED_AUTOS = YES_AGGRESSIVE;
				GCC_WARN_UNUSED_FUNCTION = YES;
				GCC_WARN_UNUSED_VARIABLE = YES;
				MACOSX_DEPLOYMENT_TARGET = 10.10;
				MTL_ENABLE_DEBUG_INFO = YES;
				ONLY_ACTIVE_ARCH = YES;
				SDKROOT = macosx;
			};
			name = Debug;
		};
		BE9B63211BD9EBEC001F6024 /* Release */ = {
			isa = XCBuildConfiguration;
			buildSettings = {
				ALWAYS_SEARCH_USER_PATHS = NO;
				CLANG_CXX_LANGUAGE_STANDARD = "gnu++0x";
				CLANG_CXX_LIBRARY = "libc++";
				CLANG_ENABLE_MODULES = YES;
				CLANG_ENABLE_OBJC_ARC = YES;
				CLANG_WARN_BOOL_CONVERSION = YES;
				CLANG_WARN_CONSTANT_CONVERSION = YES;
				CLANG_WARN_DIRECT_OBJC_ISA_USAGE = YES_ERROR;
				CLANG_WARN_EMPTY_BODY = YES;
				CLANG_WARN_ENUM_CONVERSION = YES;
				CLANG_WARN_INT_CONVERSION = YES;
				CLANG_WARN_OBJC_ROOT_CLASS = YES_ERROR;
				CLANG_WARN_UNREACHABLE_CODE = YES;
				CLANG_WARN__DUPLICATE_METHOD_MATCH = YES;
				COPY_PHASE_STRIP = NO;
				DEBUG_INFORMATION_FORMAT = "dwarf-with-dsym";
				ENABLE_NS_ASSERTIONS = NO;
				ENABLE_STRICT_OBJC_MSGSEND = YES;
				GCC_C_LANGUAGE_STANDARD = gnu99;
				GCC_NO_COMMON_BLOCKS = YES;
				GCC_WARN_64_TO_32_BIT_CONVERSION = YES;
				GCC_WARN_ABOUT_RETURN_TYPE = YES_ERROR;
				GCC_WARN_UNDECLARED_SELECTOR = YES;
				GCC_WARN_UNINITIALIZED_AUTOS = YES_AGGRESSIVE;
				GCC_WARN_UNUSED_FUNCTION = YES;
				GCC_WARN_UNUSED_VARIABLE = YES;
				MACOSX_DEPLOYMENT_TARGET = 10.10;
				MTL_ENABLE_DEBUG_INFO = NO;
				SDKROOT = macosx;
			};
			name = Release;
		};
		BE9B63231BD9EBEC001F6024 /* Debug */ = {
			isa = XCBuildConfiguration;
			buildSettings = {
				PRODUCT_NAME = "$(TARGET_NAME)";
			};
			name = Debug;
		};
		BE9B63241BD9EBEC001F6024 /* Release */ = {
			isa = XCBuildConfiguration;
			buildSettings = {
				PRODUCT_NAME = "$(TARGET_NAME)";
			};
			name = Release;
		};
/* End XCBuildConfiguration section */

/* Begin XCConfigurationList section */
		BE9B63161BD9EBEC001F6024 /* Build configuration list for PBXProject "基础DP1-C-Monkeys and Banana" */ = {
			isa = XCConfigurationList;
			buildConfigurations = (
				BE9B63201BD9EBEC001F6024 /* Debug */,
				BE9B63211BD9EBEC001F6024 /* Release */,
			);
			defaultConfigurationIsVisible = 0;
			defaultConfigurationName = Release;
		};
		BE9B63221BD9EBEC001F6024 /* Build configuration list for PBXNativeTarget "基础DP1-C-Monkeys and Banana" */ = {
			isa = XCConfigurationList;
			buildConfigurations = (
				BE9B63231BD9EBEC001F6024 /* Debug */,
				BE9B63241BD9EBEC001F6024 /* Release */,
			);
			defaultConfigurationIsVisible = 0;
		};
/* End XCConfigurationList section */
	};
	rootObject = BE9B63131BD9EBEC001F6024 /* Project object */;
}
