// !$*UTF8*$!
{
	archiveVersion = 1;
	classes = {
	};
	objectVersion = 46;
	objects = {

/* Begin PBXBuildFile section */
		BE1AFACC1BC7B20E000345D8 /* main.cpp in Sources */ = {isa = PBXBuildFile; fileRef = BE1AFACB1BC7B20E000345D8 /* main.cpp */; };
/* End PBXBuildFile section */

/* Begin PBXCopyFilesBuildPhase section */
		BE1AFAC61BC7B20E000345D8 /* CopyFiles */ = {
			isa = PBXCopyFilesBuildPhase;
			buildActionMask = 2147483647;
			dstPath = /usr/share/man/man1/;
			dstSubfolderSpec = 0;
			files = (
			);
			runOnlyForDeploymentPostprocessing = 1;
		};
/* End PBXCopyFilesBuildPhase section */

/* Begin PBXFileReference section */
		BE1AFAC81BC7B20E000345D8 /* 最短路练习-C-Heavy Transportation */ = {isa = PBXFileReference; explicitFileType = "compiled.mach-o.executable"; includeInIndex = 0; path = "最短路练习-C-Heavy Transportation"; sourceTree = BUILT_PRODUCTS_DIR; };
		BE1AFACB1BC7B20E000345D8 /* main.cpp */ = {isa = PBXFileReference; lastKnownFileType = sourcecode.cpp.cpp; path = main.cpp; sourceTree = "<group>"; };
/* End PBXFileReference section */

/* Begin PBXFrameworksBuildPhase section */
		BE1AFAC51BC7B20E000345D8 /* Frameworks */ = {
			isa = PBXFrameworksBuildPhase;
			buildActionMask = 2147483647;
			files = (
			);
			runOnlyForDeploymentPostprocessing = 0;
		};
/* End PBXFrameworksBuildPhase section */

/* Begin PBXGroup section */
		BE1AFABF1BC7B20E000345D8 = {
			isa = PBXGroup;
			children = (
				BE1AFACA1BC7B20E000345D8 /* 最短路练习-C-Heavy Transportation */,
				BE1AFAC91BC7B20E000345D8 /* Products */,
			);
			sourceTree = "<group>";
		};
		BE1AFAC91BC7B20E000345D8 /* Products */ = {
			isa = PBXGroup;
			children = (
				BE1AFAC81BC7B20E000345D8 /* 最短路练习-C-Heavy Transportation */,
			);
			name = Products;
			sourceTree = "<group>";
		};
		BE1AFACA1BC7B20E000345D8 /* 最短路练习-C-Heavy Transportation */ = {
			isa = PBXGroup;
			children = (
				BE1AFACB1BC7B20E000345D8 /* main.cpp */,
			);
			path = "最短路练习-C-Heavy Transportation";
			sourceTree = "<group>";
		};
/* End PBXGroup section */

/* Begin PBXNativeTarget section */
		BE1AFAC71BC7B20E000345D8 /* 最短路练习-C-Heavy Transportation */ = {
			isa = PBXNativeTarget;
			buildConfigurationList = BE1AFACF1BC7B20E000345D8 /* Build configuration list for PBXNativeTarget "最短路练习-C-Heavy Transportation" */;
			buildPhases = (
				BE1AFAC41BC7B20E000345D8 /* Sources */,
				BE1AFAC51BC7B20E000345D8 /* Frameworks */,
				BE1AFAC61BC7B20E000345D8 /* CopyFiles */,
			);
			buildRules = (
			);
			dependencies = (
			);
			name = "最短路练习-C-Heavy Transportation";
			productName = "最短路练习-C-Heavy Transportation";
			productReference = BE1AFAC81BC7B20E000345D8 /* 最短路练习-C-Heavy Transportation */;
			productType = "com.apple.product-type.tool";
		};
/* End PBXNativeTarget section */

/* Begin PBXProject section */
		BE1AFAC01BC7B20E000345D8 /* Project object */ = {
			isa = PBXProject;
			attributes = {
				LastUpgradeCheck = 0640;
				ORGANIZATIONNAME = "袁子涵";
				TargetAttributes = {
					BE1AFAC71BC7B20E000345D8 = {
						CreatedOnToolsVersion = 6.4;
					};
				};
			};
			buildConfigurationList = BE1AFAC31BC7B20E000345D8 /* Build configuration list for PBXProject "最短路练习-C-Heavy Transportation" */;
			compatibilityVersion = "Xcode 3.2";
			developmentRegion = English;
			hasScannedForEncodings = 0;
			knownRegions = (
				en,
			);
			mainGroup = BE1AFABF1BC7B20E000345D8;
			productRefGroup = BE1AFAC91BC7B20E000345D8 /* Products */;
			projectDirPath = "";
			projectRoot = "";
			targets = (
				BE1AFAC71BC7B20E000345D8 /* 最短路练习-C-Heavy Transportation */,
			);
		};
/* End PBXProject section */

/* Begin PBXSourcesBuildPhase section */
		BE1AFAC41BC7B20E000345D8 /* Sources */ = {
			isa = PBXSourcesBuildPhase;
			buildActionMask = 2147483647;
			files = (
				BE1AFACC1BC7B20E000345D8 /* main.cpp in Sources */,
			);
			runOnlyForDeploymentPostprocessing = 0;
		};
/* End PBXSourcesBuildPhase section */

/* Begin XCBuildConfiguration section */
		BE1AFACD1BC7B20E000345D8 /* Debug */ = {
			isa = XCBuildConfiguration;
			buildSettings = {
				ALWAYS_SEARCH_USER_PATHS = NO;
				CLANG_CXX_LANGUAGE_STANDARD = "gnu++0x";
				CLANG_CXX_LIBRARY = "libc++";
				CLANG_ENABLE_MODULES = YES;
				CLANG_ENABLE_OBJC_ARC = YES;
				CLANG_WARN_BOOL_CONVERSION = YES;
				CLANG_WARN_CONSTANT_CONVERSION = YES;
				CLANG_WARN_DIRECT_OBJC_ISA_USAGE = YES_ERROR;
				CLANG_WARN_EMPTY_BODY = YES;
				CLANG_WARN_ENUM_CONVERSION = YES;
				CLANG_WARN_INT_CONVERSION = YES;
				CLANG_WARN_OBJC_ROOT_CLASS = YES_ERROR;
				CLANG_WARN_UNREACHABLE_CODE = YES;
				CLANG_WARN__DUPLICATE_METHOD_MATCH = YES;
				COPY_PHASE_STRIP = NO;
				DEBUG_INFORMATION_FORMAT = dwarf;
				ENABLE_STRICT_OBJC_MSGSEND = YES;
				GCC_C_LANGUAGE_STANDARD = gnu99;
				GCC_DYNAMIC_NO_PIC = NO;
				GCC_NO_COMMON_BLOCKS = YES;
				GCC_OPTIMIZATION_LEVEL = 0;
				GCC_PREPROCESSOR_DEFINITIONS = (
					"DEBUG=1",
					"$(inherited)",
				);
				GCC_SYMBOLS_PRIVATE_EXTERN = NO;
				GCC_WARN_64_TO_32_BIT_CONVERSION = YES;
				GCC_WARN_ABOUT_RETURN_TYPE = YES_ERROR;
				GCC_WARN_UNDECLARED_SELECTOR = YES;
				GCC_WARN_UNINITIALIZED_AUTOS = YES_AGGRESSIVE;
				GCC_WARN_UNUSED_FUNCTION = YES;
				GCC_WARN_UNUSED_VARIABLE = YES;
				MACOSX_DEPLOYMENT_TARGET = 10.10;
				MTL_ENABLE_DEBUG_INFO = YES;
				ONLY_ACTIVE_ARCH = YES;
				SDKROOT = macosx;
			};
			name = Debug;
		};
		BE1AFACE1BC7B20E000345D8 /* Release */ = {
			isa = XCBuildConfiguration;
			buildSettings = {
				ALWAYS_SEARCH_USER_PATHS = NO;
				CLANG_CXX_LANGUAGE_STANDARD = "gnu++0x";
				CLANG_CXX_LIBRARY = "libc++";
				CLANG_ENABLE_MODULES = YES;
				CLANG_ENABLE_OBJC_ARC = YES;
				CLANG_WARN_BOOL_CONVERSION = YES;
				CLANG_WARN_CONSTANT_CONVERSION = YES;
				CLANG_WARN_DIRECT_OBJC_ISA_USAGE = YES_ERROR;
				CLANG_WARN_EMPTY_BODY = YES;
				CLANG_WARN_ENUM_CONVERSION = YES;
				CLANG_WARN_INT_CONVERSION = YES;
				CLANG_WARN_OBJC_ROOT_CLASS = YES_ERROR;
				CLANG_WARN_UNREACHABLE_CODE = YES;
				CLANG_WARN__DUPLICATE_METHOD_MATCH = YES;
				COPY_PHASE_STRIP = NO;
				DEBUG_INFORMATION_FORMAT = "dwarf-with-dsym";
				ENABLE_NS_ASSERTIONS = NO;
				ENABLE_STRICT_OBJC_MSGSEND = YES;
				GCC_C_LANGUAGE_STANDARD = gnu99;
				GCC_NO_COMMON_BLOCKS = YES;
				GCC_WARN_64_TO_32_BIT_CONVERSION = YES;
				GCC_WARN_ABOUT_RETURN_TYPE = YES_ERROR;
				GCC_WARN_UNDECLARED_SELECTOR = YES;
				GCC_WARN_UNINITIALIZED_AUTOS = YES_AGGRESSIVE;
				GCC_WARN_UNUSED_FUNCTION = YES;
				GCC_WARN_UNUSED_VARIABLE = YES;
				MACOSX_DEPLOYMENT_TARGET = 10.10;
				MTL_ENABLE_DEBUG_INFO = NO;
				SDKROOT = macosx;
			};
			name = Release;
		};
		BE1AFAD01BC7B20E000345D8 /* Debug */ = {
			isa = XCBuildConfiguration;
			buildSettings = {
				PRODUCT_NAME = "$(TARGET_NAME)";
			};
			name = Debug;
		};
		BE1AFAD11BC7B20E000345D8 /* Release */ = {
			isa = XCBuildConfiguration;
			buildSettings = {
				PRODUCT_NAME = "$(TARGET_NAME)";
			};
			name = Release;
		};
/* End XCBuildConfiguration section */

/* Begin XCConfigurationList section */
		BE1AFAC31BC7B20E000345D8 /* Build configuration list for PBXProject "最短路练习-C-Heavy Transportation" */ = {
			isa = XCConfigurationList;
			buildConfigurations = (
				BE1AFACD1BC7B20E000345D8 /* Debug */,
				BE1AFACE1BC7B20E000345D8 /* Release */,
			);
			defaultConfigurationIsVisible = 0;
			defaultConfigurationName = Release;
		};
		BE1AFACF1BC7B20E000345D8 /* Build configuration list for PBXNativeTarget "最短路练习-C-Heavy Transportation" */ = {
			isa = XCConfigurationList;
			buildConfigurations = (
				BE1AFAD01BC7B20E000345D8 /* Debug */,
				BE1AFAD11BC7B20E000345D8 /* Release */,
			);
			defaultConfigurationIsVisible = 0;
		};
/* End XCConfigurationList section */
	};
	rootObject = BE1AFAC01BC7B20E000345D8 /* Project object */;
}
