// !$*UTF8*$!
{
	archiveVersion = 1;
	classes = {
	};
	objectVersion = 46;
	objects = {

/* Begin PBXBuildFile section */
		BE8C0D881BE9E57300F40D9E /* main.cpp in Sources */ = {isa = PBXBuildFile; fileRef = BE8C0D871BE9E57300F40D9E /* main.cpp */; };
/* End PBXBuildFile section */

/* Begin PBXCopyFilesBuildPhase section */
		BE8C0D821BE9E57300F40D9E /* CopyFiles */ = {
			isa = PBXCopyFilesBuildPhase;
			buildActionMask = 2147483647;
			dstPath = /usr/share/man/man1/;
			dstSubfolderSpec = 0;
			files = (
			);
			runOnlyForDeploymentPostprocessing = 1;
		};
/* End PBXCopyFilesBuildPhase section */

/* Begin PBXFileReference section */
		BE8C0D841BE9E57300F40D9E /* 数位DP-A-Beautiful Number */ = {isa = PBXFileReference; explicitFileType = "compiled.mach-o.executable"; includeInIndex = 0; path = "数位DP-A-Beautiful Number"; sourceTree = BUILT_PRODUCTS_DIR; };
		BE8C0D871BE9E57300F40D9E /* main.cpp */ = {isa = PBXFileReference; lastKnownFileType = sourcecode.cpp.cpp; path = main.cpp; sourceTree = "<group>"; };
/* End PBXFileReference section */

/* Begin PBXFrameworksBuildPhase section */
		BE8C0D811BE9E57300F40D9E /* Frameworks */ = {
			isa = PBXFrameworksBuildPhase;
			buildActionMask = 2147483647;
			files = (
			);
			runOnlyForDeploymentPostprocessing = 0;
		};
/* End PBXFrameworksBuildPhase section */

/* Begin PBXGroup section */
		BE8C0D7B1BE9E57300F40D9E = {
			isa = PBXGroup;
			children = (
				BE8C0D861BE9E57300F40D9E /* 数位DP-A-Beautiful Number */,
				BE8C0D851BE9E57300F40D9E /* Products */,
			);
			sourceTree = "<group>";
		};
		BE8C0D851BE9E57300F40D9E /* Products */ = {
			isa = PBXGroup;
			children = (
				BE8C0D841BE9E57300F40D9E /* 数位DP-A-Beautiful Number */,
			);
			name = Products;
			sourceTree = "<group>";
		};
		BE8C0D861BE9E57300F40D9E /* 数位DP-A-Beautiful Number */ = {
			isa = PBXGroup;
			children = (
				BE8C0D871BE9E57300F40D9E /* main.cpp */,
			);
			path = "数位DP-A-Beautiful Number";
			sourceTree = "<group>";
		};
/* End PBXGroup section */

/* Begin PBXNativeTarget section */
		BE8C0D831BE9E57300F40D9E /* 数位DP-A-Beautiful Number */ = {
			isa = PBXNativeTarget;
			buildConfigurationList = BE8C0D8B1BE9E57300F40D9E /* Build configuration list for PBXNativeTarget "数位DP-A-Beautiful Number" */;
			buildPhases = (
				BE8C0D801BE9E57300F40D9E /* Sources */,
				BE8C0D811BE9E57300F40D9E /* Frameworks */,
				BE8C0D821BE9E57300F40D9E /* CopyFiles */,
			);
			buildRules = (
			);
			dependencies = (
			);
			name = "数位DP-A-Beautiful Number";
			productName = "数位DP-A-Beautiful Number";
			productReference = BE8C0D841BE9E57300F40D9E /* 数位DP-A-Beautiful Number */;
			productType = "com.apple.product-type.tool";
		};
/* End PBXNativeTarget section */

/* Begin PBXProject section */
		BE8C0D7C1BE9E57300F40D9E /* Project object */ = {
			isa = PBXProject;
			attributes = {
				LastUpgradeCheck = 0700;
				ORGANIZATIONNAME = "袁子涵";
				TargetAttributes = {
					BE8C0D831BE9E57300F40D9E = {
						CreatedOnToolsVersion = 7.0.1;
					};
				};
			};
			buildConfigurationList = BE8C0D7F1BE9E57300F40D9E /* Build configuration list for PBXProject "数位DP-A-Beautiful Number" */;
			compatibilityVersion = "Xcode 3.2";
			developmentRegion = English;
			hasScannedForEncodings = 0;
			knownRegions = (
				en,
			);
			mainGroup = BE8C0D7B1BE9E57300F40D9E;
			productRefGroup = BE8C0D851BE9E57300F40D9E /* Products */;
			projectDirPath = "";
			projectRoot = "";
			targets = (
				BE8C0D831BE9E57300F40D9E /* 数位DP-A-Beautiful Number */,
			);
		};
/* End PBXProject section */

/* Begin PBXSourcesBuildPhase section */
		BE8C0D801BE9E57300F40D9E /* Sources */ = {
			isa = PBXSourcesBuildPhase;
			buildActionMask = 2147483647;
			files = (
				BE8C0D881BE9E57300F40D9E /* main.cpp in Sources */,
			);
			runOnlyForDeploymentPostprocessing = 0;
		};
/* End PBXSourcesBuildPhase section */

/* Begin XCBuildConfiguration section */
		BE8C0D891BE9E57300F40D9E /* Debug */ = {
			isa = XCBuildConfiguration;
			buildSettings = {
				ALWAYS_SEARCH_USER_PATHS = NO;
				CLANG_CXX_LANGUAGE_STANDARD = "gnu++0x";
				CLANG_CXX_LIBRARY = "libc++";
				CLANG_ENABLE_MODULES = YES;
				CLANG_ENABLE_OBJC_ARC = YES;
				CLANG_WARN_BOOL_CONVERSION = YES;
				CLANG_WARN_CONSTANT_CONVERSION = YES;
				CLANG_WARN_DIRECT_OBJC_ISA_USAGE = YES_ERROR;
				CLANG_WARN_EMPTY_BODY = YES;
				CLANG_WARN_ENUM_CONVERSION = YES;
				CLANG_WARN_INT_CONVERSION = YES;
				CLANG_WARN_OBJC_ROOT_CLASS = YES_ERROR;
				CLANG_WARN_UNREACHABLE_CODE = YES;
				CLANG_WARN__DUPLICATE_METHOD_MATCH = YES;
				COPY_PHASE_STRIP = NO;
				DEBUG_INFORMATION_FORMAT = dwarf;
				ENABLE_STRICT_OBJC_MSGSEND = YES;
				ENABLE_TESTABILITY = YES;
				GCC_C_LANGUAGE_STANDARD = gnu99;
				GCC_DYNAMIC_NO_PIC = NO;
				GCC_NO_COMMON_BLOCKS = YES;
				GCC_OPTIMIZATION_LEVEL = 0;
				GCC_PREPROCESSOR_DEFINITIONS = (
					"DEBUG=1",
					"$(inherited)",
				);
				GCC_WARN_64_TO_32_BIT_CONVERSION = YES;
				GCC_WARN_ABOUT_RETURN_TYPE = YES_ERROR;
				GCC_WARN_UNDECLARED_SELECTOR = YES;
				GCC_WARN_UNINITIALIZED_AUTOS = YES_AGGRESSIVE;
				GCC_WARN_UNUSED_FUNCTION = YES;
				GCC_WARN_UNUSED_VARIABLE = YES;
				MACOSX_DEPLOYMENT_TARGET = 10.10;
				MTL_ENABLE_DEBUG_INFO = YES;
				ONLY_ACTIVE_ARCH = YES;
				SDKROOT = macosx;
			};
			name = Debug;
		};
		BE8C0D8A1BE9E57300F40D9E /* Release */ = {
			isa = XCBuildConfiguration;
			buildSettings = {
				ALWAYS_SEARCH_USER_PATHS = NO;
				CLANG_CXX_LANGUAGE_STANDARD = "gnu++0x";
				CLANG_CXX_LIBRARY = "libc++";
				CLANG_ENABLE_MODULES = YES;
				CLANG_ENABLE_OBJC_ARC = YES;
				CLANG_WARN_BOOL_CONVERSION = YES;
				CLANG_WARN_CONSTANT_CONVERSION = YES;
				CLANG_WARN_DIRECT_OBJC_ISA_USAGE = YES_ERROR;
				CLANG_WARN_EMPTY_BODY = YES;
				CLANG_WARN_ENUM_CONVERSION = YES;
				CLANG_WARN_INT_CONVERSION = YES;
				CLANG_WARN_OBJC_ROOT_CLASS = YES_ERROR;
				CLANG_WARN_UNREACHABLE_CODE = YES;
				CLANG_WARN__DUPLICATE_METHOD_MATCH = YES;
				COPY_PHASE_STRIP = NO;
				DEBUG_INFORMATION_FORMAT = "dwarf-with-dsym";
				ENABLE_NS_ASSERTIONS = NO;
				ENABLE_STRICT_OBJC_MSGSEND = YES;
				GCC_C_LANGUAGE_STANDARD = gnu99;
				GCC_NO_COMMON_BLOCKS = YES;
				GCC_WARN_64_TO_32_BIT_CONVERSION = YES;
				GCC_WARN_ABOUT_RETURN_TYPE = YES_ERROR;
				GCC_WARN_UNDECLARED_SELECTOR = YES;
				GCC_WARN_UNINITIALIZED_AUTOS = YES_AGGRESSIVE;
				GCC_WARN_UNUSED_FUNCTION = YES;
				GCC_WARN_UNUSED_VARIABLE = YES;
				MACOSX_DEPLOYMENT_TARGET = 10.10;
				MTL_ENABLE_DEBUG_INFO = NO;
				SDKROOT = macosx;
			};
			name = Release;
		};
		BE8C0D8C1BE9E57300F40D9E /* Debug */ = {
			isa = XCBuildConfiguration;
			buildSettings = {
				PRODUCT_NAME = "$(TARGET_NAME)";
			};
			name = Debug;
		};
		BE8C0D8D1BE9E57300F40D9E /* Release */ = {
			isa = XCBuildConfiguration;
			buildSettings = {
				PRODUCT_NAME = "$(TARGET_NAME)";
			};
			name = Release;
		};
/* End XCBuildConfiguration section */

/* Begin XCConfigurationList section */
		BE8C0D7F1BE9E57300F40D9E /* Build configuration list for PBXProject "数位DP-A-Beautiful Number" */ = {
			isa = XCConfigurationList;
			buildConfigurations = (
				BE8C0D891BE9E57300F40D9E /* Debug */,
				BE8C0D8A1BE9E57300F40D9E /* Release */,
			);
			defaultConfigurationIsVisible = 0;
			defaultConfigurationName = Release;
		};
		BE8C0D8B1BE9E57300F40D9E /* Build configuration list for PBXNativeTarget "数位DP-A-Beautiful Number" */ = {
			isa = XCConfigurationList;
			buildConfigurations = (
				BE8C0D8C1BE9E57300F40D9E /* Debug */,
				BE8C0D8D1BE9E57300F40D9E /* Release */,
			);
			defaultConfigurationIsVisible = 0;
		};
/* End XCConfigurationList section */
	};
	rootObject = BE8C0D7C1BE9E57300F40D9E /* Project object */;
}
