// !$*UTF8*$!
{
	archiveVersion = 1;
	classes = {
	};
	objectVersion = 46;
	objects = {

/* Begin PBXBuildFile section */
		BE65C4EB1BD8B7E300BDC429 /* main.cpp in Sources */ = {isa = PBXBuildFile; fileRef = BE65C4EA1BD8B7E300BDC429 /* main.cpp */; };
/* End PBXBuildFile section */

/* Begin PBXCopyFilesBuildPhase section */
		BE65C4E51BD8B7E300BDC429 /* CopyFiles */ = {
			isa = PBXCopyFilesBuildPhase;
			buildActionMask = 2147483647;
			dstPath = /usr/share/man/man1/;
			dstSubfolderSpec = 0;
			files = (
			);
			runOnlyForDeploymentPostprocessing = 1;
		};
/* End PBXCopyFilesBuildPhase section */

/* Begin PBXFileReference section */
		BE65C4E71BD8B7E300BDC429 /* 基础DP1-A-Max Sum Plus Plus */ = {isa = PBXFileReference; explicitFileType = "compiled.mach-o.executable"; includeInIndex = 0; path = "基础DP1-A-Max Sum Plus Plus"; sourceTree = BUILT_PRODUCTS_DIR; };
		BE65C4EA1BD8B7E300BDC429 /* main.cpp */ = {isa = PBXFileReference; lastKnownFileType = sourcecode.cpp.cpp; path = main.cpp; sourceTree = "<group>"; };
/* End PBXFileReference section */

/* Begin PBXFrameworksBuildPhase section */
		BE65C4E41BD8B7E300BDC429 /* Frameworks */ = {
			isa = PBXFrameworksBuildPhase;
			buildActionMask = 2147483647;
			files = (
			);
			runOnlyForDeploymentPostprocessing = 0;
		};
/* End PBXFrameworksBuildPhase section */

/* Begin PBXGroup section */
		BE65C4DE1BD8B7E300BDC429 = {
			isa = PBXGroup;
			children = (
				BE65C4E91BD8B7E300BDC429 /* 基础DP1-A-Max Sum Plus Plus */,
				BE65C4E81BD8B7E300BDC429 /* Products */,
			);
			sourceTree = "<group>";
		};
		BE65C4E81BD8B7E300BDC429 /* Products */ = {
			isa = PBXGroup;
			children = (
				BE65C4E71BD8B7E300BDC429 /* 基础DP1-A-Max Sum Plus Plus */,
			);
			name = Products;
			sourceTree = "<group>";
		};
		BE65C4E91BD8B7E300BDC429 /* 基础DP1-A-Max Sum Plus Plus */ = {
			isa = PBXGroup;
			children = (
				BE65C4EA1BD8B7E300BDC429 /* main.cpp */,
			);
			path = "基础DP1-A-Max Sum Plus Plus";
			sourceTree = "<group>";
		};
/* End PBXGroup section */

/* Begin PBXNativeTarget section */
		BE65C4E61BD8B7E300BDC429 /* 基础DP1-A-Max Sum Plus Plus */ = {
			isa = PBXNativeTarget;
			buildConfigurationList = BE65C4EE1BD8B7E300BDC429 /* Build configuration list for PBXNativeTarget "基础DP1-A-Max Sum Plus Plus" */;
			buildPhases = (
				BE65C4E31BD8B7E300BDC429 /* Sources */,
				BE65C4E41BD8B7E300BDC429 /* Frameworks */,
				BE65C4E51BD8B7E300BDC429 /* CopyFiles */,
			);
			buildRules = (
			);
			dependencies = (
			);
			name = "基础DP1-A-Max Sum Plus Plus";
			productName = "基础DP1-A-Max Sum Plus Plus";
			productReference = BE65C4E71BD8B7E300BDC429 /* 基础DP1-A-Max Sum Plus Plus */;
			productType = "com.apple.product-type.tool";
		};
/* End PBXNativeTarget section */

/* Begin PBXProject section */
		BE65C4DF1BD8B7E300BDC429 /* Project object */ = {
			isa = PBXProject;
			attributes = {
				LastUpgradeCheck = 0700;
				ORGANIZATIONNAME = "袁子涵";
				TargetAttributes = {
					BE65C4E61BD8B7E300BDC429 = {
						CreatedOnToolsVersion = 7.0.1;
					};
				};
			};
			buildConfigurationList = BE65C4E21BD8B7E300BDC429 /* Build configuration list for PBXProject "基础DP1-A-Max Sum Plus Plus" */;
			compatibilityVersion = "Xcode 3.2";
			developmentRegion = English;
			hasScannedForEncodings = 0;
			knownRegions = (
				en,
			);
			mainGroup = BE65C4DE1BD8B7E300BDC429;
			productRefGroup = BE65C4E81BD8B7E300BDC429 /* Products */;
			projectDirPath = "";
			projectRoot = "";
			targets = (
				BE65C4E61BD8B7E300BDC429 /* 基础DP1-A-Max Sum Plus Plus */,
			);
		};
/* End PBXProject section */

/* Begin PBXSourcesBuildPhase section */
		BE65C4E31BD8B7E300BDC429 /* Sources */ = {
			isa = PBXSourcesBuildPhase;
			buildActionMask = 2147483647;
			files = (
				BE65C4EB1BD8B7E300BDC429 /* main.cpp in Sources */,
			);
			runOnlyForDeploymentPostprocessing = 0;
		};
/* End PBXSourcesBuildPhase section */

/* Begin XCBuildConfiguration section */
		BE65C4EC1BD8B7E300BDC429 /* Debug */ = {
			isa = XCBuildConfiguration;
			buildSettings = {
				ALWAYS_SEARCH_USER_PATHS = NO;
				CLANG_CXX_LANGUAGE_STANDARD = "gnu++0x";
				CLANG_CXX_LIBRARY = "libc++";
				CLANG_ENABLE_MODULES = YES;
				CLANG_ENABLE_OBJC_ARC = YES;
				CLANG_WARN_BOOL_CONVERSION = YES;
				CLANG_WARN_CONSTANT_CONVERSION = YES;
				CLANG_WARN_DIRECT_OBJC_ISA_USAGE = YES_ERROR;
				CLANG_WARN_EMPTY_BODY = YES;
				CLANG_WARN_ENUM_CONVERSION = YES;
				CLANG_WARN_INT_CONVERSION = YES;
				CLANG_WARN_OBJC_ROOT_CLASS = YES_ERROR;
				CLANG_WARN_UNREACHABLE_CODE = YES;
				CLANG_WARN__DUPLICATE_METHOD_MATCH = YES;
				COPY_PHASE_STRIP = NO;
				DEBUG_INFORMATION_FORMAT = dwarf;
				ENABLE_STRICT_OBJC_MSGSEND = YES;
				ENABLE_TESTABILITY = YES;
				GCC_C_LANGUAGE_STANDARD = gnu99;
				GCC_DYNAMIC_NO_PIC = NO;
				GCC_NO_COMMON_BLOCKS = YES;
				GCC_OPTIMIZATION_LEVEL = 0;
				GCC_PREPROCESSOR_DEFINITIONS = (
					"DEBUG=1",
					"$(inherited)",
				);
				GCC_WARN_64_TO_32_BIT_CONVERSION = YES;
				GCC_WARN_ABOUT_RETURN_TYPE = YES_ERROR;
				GCC_WARN_UNDECLARED_SELECTOR = YES;
				GCC_WARN_UNINITIALIZED_AUTOS = YES_AGGRESSIVE;
				GCC_WARN_UNUSED_FUNCTION = YES;
				GCC_WARN_UNUSED_VARIABLE = YES;
				MACOSX_DEPLOYMENT_TARGET = 10.10;
				MTL_ENABLE_DEBUG_INFO = YES;
				ONLY_ACTIVE_ARCH = YES;
				SDKROOT = macosx;
			};
			name = Debug;
		};
		BE65C4ED1BD8B7E300BDC429 /* Release */ = {
			isa = XCBuildConfiguration;
			buildSettings = {
				ALWAYS_SEARCH_USER_PATHS = NO;
				CLANG_CXX_LANGUAGE_STANDARD = "gnu++0x";
				CLANG_CXX_LIBRARY = "libc++";
				CLANG_ENABLE_MODULES = YES;
				CLANG_ENABLE_OBJC_ARC = YES;
				CLANG_WARN_BOOL_CONVERSION = YES;
				CLANG_WARN_CONSTANT_CONVERSION = YES;
				CLANG_WARN_DIRECT_OBJC_ISA_USAGE = YES_ERROR;
				CLANG_WARN_EMPTY_BODY = YES;
				CLANG_WARN_ENUM_CONVERSION = YES;
				CLANG_WARN_INT_CONVERSION = YES;
				CLANG_WARN_OBJC_ROOT_CLASS = YES_ERROR;
				CLANG_WARN_UNREACHABLE_CODE = YES;
				CLANG_WARN__DUPLICATE_METHOD_MATCH = YES;
				COPY_PHASE_STRIP = NO;
				DEBUG_INFORMATION_FORMAT = "dwarf-with-dsym";
				ENABLE_NS_ASSERTIONS = NO;
				ENABLE_STRICT_OBJC_MSGSEND = YES;
				GCC_C_LANGUAGE_STANDARD = gnu99;
				GCC_NO_COMMON_BLOCKS = YES;
				GCC_WARN_64_TO_32_BIT_CONVERSION = YES;
				GCC_WARN_ABOUT_RETURN_TYPE = YES_ERROR;
				GCC_WARN_UNDECLARED_SELECTOR = YES;
				GCC_WARN_UNINITIALIZED_AUTOS = YES_AGGRESSIVE;
				GCC_WARN_UNUSED_FUNCTION = YES;
				GCC_WARN_UNUSED_VARIABLE = YES;
				MACOSX_DEPLOYMENT_TARGET = 10.10;
				MTL_ENABLE_DEBUG_INFO = NO;
				SDKROOT = macosx;
			};
			name = Release;
		};
		BE65C4EF1BD8B7E300BDC429 /* Debug */ = {
			isa = XCBuildConfiguration;
			buildSettings = {
				PRODUCT_NAME = "$(TARGET_NAME)";
			};
			name = Debug;
		};
		BE65C4F01BD8B7E300BDC429 /* Release */ = {
			isa = XCBuildConfiguration;
			buildSettings = {
				PRODUCT_NAME = "$(TARGET_NAME)";
			};
			name = Release;
		};
/* End XCBuildConfiguration section */

/* Begin XCConfigurationList section */
		BE65C4E21BD8B7E300BDC429 /* Build configuration list for PBXProject "基础DP1-A-Max Sum Plus Plus" */ = {
			isa = XCConfigurationList;
			buildConfigurations = (
				BE65C4EC1BD8B7E300BDC429 /* Debug */,
				BE65C4ED1BD8B7E300BDC429 /* Release */,
			);
			defaultConfigurationIsVisible = 0;
			defaultConfigurationName = Release;
		};
		BE65C4EE1BD8B7E300BDC429 /* Build configuration list for PBXNativeTarget "基础DP1-A-Max Sum Plus Plus" */ = {
			isa = XCConfigurationList;
			buildConfigurations = (
				BE65C4EF1BD8B7E300BDC429 /* Debug */,
				BE65C4F01BD8B7E300BDC429 /* Release */,
			);
			defaultConfigurationIsVisible = 0;
		};
/* End XCConfigurationList section */
	};
	rootObject = BE65C4DF1BD8B7E300BDC429 /* Project object */;
}
