// !$*UTF8*$!
{
	archiveVersion = 1;
	classes = {
	};
	objectVersion = 46;
	objects = {

/* Begin PBXBuildFile section */
		BECF79541DCB4E3500E0DF72 /* main.cpp in Sources */ = {isa = PBXBuildFile; fileRef = BECF79531DCB4E3500E0DF72 /* main.cpp */; };
/* End PBXBuildFile section */

/* Begin PBXCopyFilesBuildPhase section */
		BECF794E1DCB4E3500E0DF72 /* CopyFiles */ = {
			isa = PBXCopyFilesBuildPhase;
			buildActionMask = 2147483647;
			dstPath = /usr/share/man/man1/;
			dstSubfolderSpec = 0;
			files = (
			);
			runOnlyForDeploymentPostprocessing = 1;
		};
/* End PBXCopyFilesBuildPhase section */

/* Begin PBXFileReference section */
		BECF79501DCB4E3500E0DF72 /* XUPT14-1 */ = {isa = PBXFileReference; explicitFileType = "compiled.mach-o.executable"; includeInIndex = 0; path = "XUPT14-1"; sourceTree = BUILT_PRODUCTS_DIR; };
		BECF79531DCB4E3500E0DF72 /* main.cpp */ = {isa = PBXFileReference; lastKnownFileType = sourcecode.cpp.cpp; path = main.cpp; sourceTree = "<group>"; };
/* End PBXFileReference section */

/* Begin PBXFrameworksBuildPhase section */
		BECF794D1DCB4E3500E0DF72 /* Frameworks */ = {
			isa = PBXFrameworksBuildPhase;
			buildActionMask = 2147483647;
			files = (
			);
			runOnlyForDeploymentPostprocessing = 0;
		};
/* End PBXFrameworksBuildPhase section */

/* Begin PBXGroup section */
		BECF79471DCB4E3500E0DF72 = {
			isa = PBXGroup;
			children = (
				BECF79521DCB4E3500E0DF72 /* XUPT14-1 */,
				BECF79511DCB4E3500E0DF72 /* Products */,
			);
			sourceTree = "<group>";
		};
		BECF79511DCB4E3500E0DF72 /* Products */ = {
			isa = PBXGroup;
			children = (
				BECF79501DCB4E3500E0DF72 /* XUPT14-1 */,
			);
			name = Products;
			sourceTree = "<group>";
		};
		BECF79521DCB4E3500E0DF72 /* XUPT14-1 */ = {
			isa = PBXGroup;
			children = (
				BECF79531DCB4E3500E0DF72 /* main.cpp */,
			);
			path = "XUPT14-1";
			sourceTree = "<group>";
		};
/* End PBXGroup section */

/* Begin PBXNativeTarget section */
		BECF794F1DCB4E3500E0DF72 /* XUPT14-1 */ = {
			isa = PBXNativeTarget;
			buildConfigurationList = BECF79571DCB4E3500E0DF72 /* Build configuration list for PBXNativeTarget "XUPT14-1" */;
			buildPhases = (
				BECF794C1DCB4E3500E0DF72 /* Sources */,
				BECF794D1DCB4E3500E0DF72 /* Frameworks */,
				BECF794E1DCB4E3500E0DF72 /* CopyFiles */,
			);
			buildRules = (
			);
			dependencies = (
			);
			name = "XUPT14-1";
			productName = "XUPT14-1";
			productReference = BECF79501DCB4E3500E0DF72 /* XUPT14-1 */;
			productType = "com.apple.product-type.tool";
		};
/* End PBXNativeTarget section */

/* Begin PBXProject section */
		BECF79481DCB4E3500E0DF72 /* Project object */ = {
			isa = PBXProject;
			attributes = {
				LastUpgradeCheck = 0720;
				ORGANIZATIONNAME = "袁子涵";
				TargetAttributes = {
					BECF794F1DCB4E3500E0DF72 = {
						CreatedOnToolsVersion = 7.2;
					};
				};
			};
			buildConfigurationList = BECF794B1DCB4E3500E0DF72 /* Build configuration list for PBXProject "XUPT14-1" */;
			compatibilityVersion = "Xcode 3.2";
			developmentRegion = English;
			hasScannedForEncodings = 0;
			knownRegions = (
				en,
			);
			mainGroup = BECF79471DCB4E3500E0DF72;
			productRefGroup = BECF79511DCB4E3500E0DF72 /* Products */;
			projectDirPath = "";
			projectRoot = "";
			targets = (
				BECF794F1DCB4E3500E0DF72 /* XUPT14-1 */,
			);
		};
/* End PBXProject section */

/* Begin PBXSourcesBuildPhase section */
		BECF794C1DCB4E3500E0DF72 /* Sources */ = {
			isa = PBXSourcesBuildPhase;
			buildActionMask = 2147483647;
			files = (
				BECF79541DCB4E3500E0DF72 /* main.cpp in Sources */,
			);
			runOnlyForDeploymentPostprocessing = 0;
		};
/* End PBXSourcesBuildPhase section */

/* Begin XCBuildConfiguration section */
		BECF79551DCB4E3500E0DF72 /* Debug */ = {
			isa = XCBuildConfiguration;
			buildSettings = {
				ALWAYS_SEARCH_USER_PATHS = NO;
				CLANG_CXX_LANGUAGE_STANDARD = "gnu++0x";
				CLANG_CXX_LIBRARY = "libc++";
				CLANG_ENABLE_MODULES = YES;
				CLANG_ENABLE_OBJC_ARC = YES;
				CLANG_WARN_BOOL_CONVERSION = YES;
				CLANG_WARN_CONSTANT_CONVERSION = YES;
				CLANG_WARN_DIRECT_OBJC_ISA_USAGE = YES_ERROR;
				CLANG_WARN_EMPTY_BODY = YES;
				CLANG_WARN_ENUM_CONVERSION = YES;
				CLANG_WARN_INT_CONVERSION = YES;
				CLANG_WARN_OBJC_ROOT_CLASS = YES_ERROR;
				CLANG_WARN_UNREACHABLE_CODE = YES;
				CLANG_WARN__DUPLICATE_METHOD_MATCH = YES;
				CODE_SIGN_IDENTITY = "-";
				COPY_PHASE_STRIP = NO;
				DEBUG_INFORMATION_FORMAT = dwarf;
				ENABLE_STRICT_OBJC_MSGSEND = YES;
				ENABLE_TESTABILITY = YES;
				GCC_C_LANGUAGE_STANDARD = gnu99;
				GCC_DYNAMIC_NO_PIC = NO;
				GCC_NO_COMMON_BLOCKS = YES;
				GCC_OPTIMIZATION_LEVEL = 0;
				GCC_PREPROCESSOR_DEFINITIONS = (
					"DEBUG=1",
					"$(inherited)",
				);
				GCC_WARN_64_TO_32_BIT_CONVERSION = YES;
				GCC_WARN_ABOUT_RETURN_TYPE = YES_ERROR;
				GCC_WARN_UNDECLARED_SELECTOR = YES;
				GCC_WARN_UNINITIALIZED_AUTOS = YES_AGGRESSIVE;
				GCC_WARN_UNUSED_FUNCTION = YES;
				GCC_WARN_UNUSED_VARIABLE = YES;
				MACOSX_DEPLOYMENT_TARGET = 10.10;
				MTL_ENABLE_DEBUG_INFO = YES;
				ONLY_ACTIVE_ARCH = YES;
				SDKROOT = macosx;
			};
			name = Debug;
		};
		BECF79561DCB4E3500E0DF72 /* Release */ = {
			isa = XCBuildConfiguration;
			buildSettings = {
				ALWAYS_SEARCH_USER_PATHS = NO;
				CLANG_CXX_LANGUAGE_STANDARD = "gnu++0x";
				CLANG_CXX_LIBRARY = "libc++";
				CLANG_ENABLE_MODULES = YES;
				CLANG_ENABLE_OBJC_ARC = YES;
				CLANG_WARN_BOOL_CONVERSION = YES;
				CLANG_WARN_CONSTANT_CONVERSION = YES;
				CLANG_WARN_DIRECT_OBJC_ISA_USAGE = YES_ERROR;
				CLANG_WARN_EMPTY_BODY = YES;
				CLANG_WARN_ENUM_CONVERSION = YES;
				CLANG_WARN_INT_CONVERSION = YES;
				CLANG_WARN_OBJC_ROOT_CLASS = YES_ERROR;
				CLANG_WARN_UNREACHABLE_CODE = YES;
				CLANG_WARN__DUPLICATE_METHOD_MATCH = YES;
				CODE_SIGN_IDENTITY = "-";
				COPY_PHASE_STRIP = NO;
				DEBUG_INFORMATION_FORMAT = "dwarf-with-dsym";
				ENABLE_NS_ASSERTIONS = NO;
				ENABLE_STRICT_OBJC_MSGSEND = YES;
				GCC_C_LANGUAGE_STANDARD = gnu99;
				GCC_NO_COMMON_BLOCKS = YES;
				GCC_WARN_64_TO_32_BIT_CONVERSION = YES;
				GCC_WARN_ABOUT_RETURN_TYPE = YES_ERROR;
				GCC_WARN_UNDECLARED_SELECTOR = YES;
				GCC_WARN_UNINITIALIZED_AUTOS = YES_AGGRESSIVE;
				GCC_WARN_UNUSED_FUNCTION = YES;
				GCC_WARN_UNUSED_VARIABLE = YES;
				MACOSX_DEPLOYMENT_TARGET = 10.10;
				MTL_ENABLE_DEBUG_INFO = NO;
				SDKROOT = macosx;
			};
			name = Release;
		};
		BECF79581DCB4E3500E0DF72 /* Debug */ = {
			isa = XCBuildConfiguration;
			buildSettings = {
				PRODUCT_NAME = "$(TARGET_NAME)";
			};
			name = Debug;
		};
		BECF79591DCB4E3500E0DF72 /* Release */ = {
			isa = XCBuildConfiguration;
			buildSettings = {
				PRODUCT_NAME = "$(TARGET_NAME)";
			};
			name = Release;
		};
/* End XCBuildConfiguration section */

/* Begin XCConfigurationList section */
		BECF794B1DCB4E3500E0DF72 /* Build configuration list for PBXProject "XUPT14-1" */ = {
			isa = XCConfigurationList;
			buildConfigurations = (
				BECF79551DCB4E3500E0DF72 /* Debug */,
				BECF79561DCB4E3500E0DF72 /* Release */,
			);
			defaultConfigurationIsVisible = 0;
			defaultConfigurationName = Release;
		};
		BECF79571DCB4E3500E0DF72 /* Build configuration list for PBXNativeTarget "XUPT14-1" */ = {
			isa = XCConfigurationList;
			buildConfigurations = (
				BECF79581DCB4E3500E0DF72 /* Debug */,
				BECF79591DCB4E3500E0DF72 /* Release */,
			);
			defaultConfigurationIsVisible = 0;
		};
/* End XCConfigurationList section */
	};
	rootObject = BECF79481DCB4E3500E0DF72 /* Project object */;
}
