// !$*UTF8*$!
{
	archiveVersion = 1;
	classes = {
	};
	objectVersion = 46;
	objects = {

/* Begin PBXBuildFile section */
		BEE64B5D1BDA0F4600B9ED28 /* main.cpp in Sources */ = {isa = PBXBuildFile; fileRef = BEE64B5C1BDA0F4600B9ED28 /* main.cpp */; };
/* End PBXBuildFile section */

/* Begin PBXCopyFilesBuildPhase section */
		BEE64B571BDA0F4600B9ED28 /* CopyFiles */ = {
			isa = PBXCopyFilesBuildPhase;
			buildActionMask = 2147483647;
			dstPath = /usr/share/man/man1/;
			dstSubfolderSpec = 0;
			files = (
			);
			runOnlyForDeploymentPostprocessing = 1;
		};
/* End PBXCopyFilesBuildPhase section */

/* Begin PBXFileReference section */
		BEE64B591BDA0F4600B9ED28 /* 基础DP1-D-Doing Homework */ = {isa = PBXFileReference; explicitFileType = "compiled.mach-o.executable"; includeInIndex = 0; path = "基础DP1-D-Doing Homework"; sourceTree = BUILT_PRODUCTS_DIR; };
		BEE64B5C1BDA0F4600B9ED28 /* main.cpp */ = {isa = PBXFileReference; lastKnownFileType = sourcecode.cpp.cpp; path = main.cpp; sourceTree = "<group>"; };
/* End PBXFileReference section */

/* Begin PBXFrameworksBuildPhase section */
		BEE64B561BDA0F4600B9ED28 /* Frameworks */ = {
			isa = PBXFrameworksBuildPhase;
			buildActionMask = 2147483647;
			files = (
			);
			runOnlyForDeploymentPostprocessing = 0;
		};
/* End PBXFrameworksBuildPhase section */

/* Begin PBXGroup section */
		BEE64B501BDA0F4600B9ED28 = {
			isa = PBXGroup;
			children = (
				BEE64B5B1BDA0F4600B9ED28 /* 基础DP1-D-Doing Homework */,
				BEE64B5A1BDA0F4600B9ED28 /* Products */,
			);
			sourceTree = "<group>";
		};
		BEE64B5A1BDA0F4600B9ED28 /* Products */ = {
			isa = PBXGroup;
			children = (
				BEE64B591BDA0F4600B9ED28 /* 基础DP1-D-Doing Homework */,
			);
			name = Products;
			sourceTree = "<group>";
		};
		BEE64B5B1BDA0F4600B9ED28 /* 基础DP1-D-Doing Homework */ = {
			isa = PBXGroup;
			children = (
				BEE64B5C1BDA0F4600B9ED28 /* main.cpp */,
			);
			path = "基础DP1-D-Doing Homework";
			sourceTree = "<group>";
		};
/* End PBXGroup section */

/* Begin PBXNativeTarget section */
		BEE64B581BDA0F4600B9ED28 /* 基础DP1-D-Doing Homework */ = {
			isa = PBXNativeTarget;
			buildConfigurationList = BEE64B601BDA0F4600B9ED28 /* Build configuration list for PBXNativeTarget "基础DP1-D-Doing Homework" */;
			buildPhases = (
				BEE64B551BDA0F4600B9ED28 /* Sources */,
				BEE64B561BDA0F4600B9ED28 /* Frameworks */,
				BEE64B571BDA0F4600B9ED28 /* CopyFiles */,
			);
			buildRules = (
			);
			dependencies = (
			);
			name = "基础DP1-D-Doing Homework";
			productName = "基础DP1-D-Doing Homework";
			productReference = BEE64B591BDA0F4600B9ED28 /* 基础DP1-D-Doing Homework */;
			productType = "com.apple.product-type.tool";
		};
/* End PBXNativeTarget section */

/* Begin PBXProject section */
		BEE64B511BDA0F4600B9ED28 /* Project object */ = {
			isa = PBXProject;
			attributes = {
				LastUpgradeCheck = 0700;
				ORGANIZATIONNAME = "袁子涵";
				TargetAttributes = {
					BEE64B581BDA0F4600B9ED28 = {
						CreatedOnToolsVersion = 7.0.1;
					};
				};
			};
			buildConfigurationList = BEE64B541BDA0F4600B9ED28 /* Build configuration list for PBXProject "基础DP1-D-Doing Homework" */;
			compatibilityVersion = "Xcode 3.2";
			developmentRegion = English;
			hasScannedForEncodings = 0;
			knownRegions = (
				en,
			);
			mainGroup = BEE64B501BDA0F4600B9ED28;
			productRefGroup = BEE64B5A1BDA0F4600B9ED28 /* Products */;
			projectDirPath = "";
			projectRoot = "";
			targets = (
				BEE64B581BDA0F4600B9ED28 /* 基础DP1-D-Doing Homework */,
			);
		};
/* End PBXProject section */

/* Begin PBXSourcesBuildPhase section */
		BEE64B551BDA0F4600B9ED28 /* Sources */ = {
			isa = PBXSourcesBuildPhase;
			buildActionMask = 2147483647;
			files = (
				BEE64B5D1BDA0F4600B9ED28 /* main.cpp in Sources */,
			);
			runOnlyForDeploymentPostprocessing = 0;
		};
/* End PBXSourcesBuildPhase section */

/* Begin XCBuildConfiguration section */
		BEE64B5E1BDA0F4600B9ED28 /* Debug */ = {
			isa = XCBuildConfiguration;
			buildSettings = {
				ALWAYS_SEARCH_USER_PATHS = NO;
				CLANG_CXX_LANGUAGE_STANDARD = "gnu++0x";
				CLANG_CXX_LIBRARY = "libc++";
				CLANG_ENABLE_MODULES = YES;
				CLANG_ENABLE_OBJC_ARC = YES;
				CLANG_WARN_BOOL_CONVERSION = YES;
				CLANG_WARN_CONSTANT_CONVERSION = YES;
				CLANG_WARN_DIRECT_OBJC_ISA_USAGE = YES_ERROR;
				CLANG_WARN_EMPTY_BODY = YES;
				CLANG_WARN_ENUM_CONVERSION = YES;
				CLANG_WARN_INT_CONVERSION = YES;
				CLANG_WARN_OBJC_ROOT_CLASS = YES_ERROR;
				CLANG_WARN_UNREACHABLE_CODE = YES;
				CLANG_WARN__DUPLICATE_METHOD_MATCH = YES;
				COPY_PHASE_STRIP = NO;
				DEBUG_INFORMATION_FORMAT = dwarf;
				ENABLE_STRICT_OBJC_MSGSEND = YES;
				ENABLE_TESTABILITY = YES;
				GCC_C_LANGUAGE_STANDARD = gnu99;
				GCC_DYNAMIC_NO_PIC = NO;
				GCC_NO_COMMON_BLOCKS = YES;
				GCC_OPTIMIZATION_LEVEL = 0;
				GCC_PREPROCESSOR_DEFINITIONS = (
					"DEBUG=1",
					"$(inherited)",
				);
				GCC_WARN_64_TO_32_BIT_CONVERSION = YES;
				GCC_WARN_ABOUT_RETURN_TYPE = YES_ERROR;
				GCC_WARN_UNDECLARED_SELECTOR = YES;
				GCC_WARN_UNINITIALIZED_AUTOS = YES_AGGRESSIVE;
				GCC_WARN_UNUSED_FUNCTION = YES;
				GCC_WARN_UNUSED_VARIABLE = YES;
				MACOSX_DEPLOYMENT_TARGET = 10.10;
				MTL_ENABLE_DEBUG_INFO = YES;
				ONLY_ACTIVE_ARCH = YES;
				SDKROOT = macosx;
			};
			name = Debug;
		};
		BEE64B5F1BDA0F4600B9ED28 /* Release */ = {
			isa = XCBuildConfiguration;
			buildSettings = {
				ALWAYS_SEARCH_USER_PATHS = NO;
				CLANG_CXX_LANGUAGE_STANDARD = "gnu++0x";
				CLANG_CXX_LIBRARY = "libc++";
				CLANG_ENABLE_MODULES = YES;
				CLANG_ENABLE_OBJC_ARC = YES;
				CLANG_WARN_BOOL_CONVERSION = YES;
				CLANG_WARN_CONSTANT_CONVERSION = YES;
				CLANG_WARN_DIRECT_OBJC_ISA_USAGE = YES_ERROR;
				CLANG_WARN_EMPTY_BODY = YES;
				CLANG_WARN_ENUM_CONVERSION = YES;
				CLANG_WARN_INT_CONVERSION = YES;
				CLANG_WARN_OBJC_ROOT_CLASS = YES_ERROR;
				CLANG_WARN_UNREACHABLE_CODE = YES;
				CLANG_WARN__DUPLICATE_METHOD_MATCH = YES;
				COPY_PHASE_STRIP = NO;
				DEBUG_INFORMATION_FORMAT = "dwarf-with-dsym";
				ENABLE_NS_ASSERTIONS = NO;
				ENABLE_STRICT_OBJC_MSGSEND = YES;
				GCC_C_LANGUAGE_STANDARD = gnu99;
				GCC_NO_COMMON_BLOCKS = YES;
				GCC_WARN_64_TO_32_BIT_CONVERSION = YES;
				GCC_WARN_ABOUT_RETURN_TYPE = YES_ERROR;
				GCC_WARN_UNDECLARED_SELECTOR = YES;
				GCC_WARN_UNINITIALIZED_AUTOS = YES_AGGRESSIVE;
				GCC_WARN_UNUSED_FUNCTION = YES;
				GCC_WARN_UNUSED_VARIABLE = YES;
				MACOSX_DEPLOYMENT_TARGET = 10.10;
				MTL_ENABLE_DEBUG_INFO = NO;
				SDKROOT = macosx;
			};
			name = Release;
		};
		BEE64B611BDA0F4600B9ED28 /* Debug */ = {
			isa = XCBuildConfiguration;
			buildSettings = {
				PRODUCT_NAME = "$(TARGET_NAME)";
			};
			name = Debug;
		};
		BEE64B621BDA0F4600B9ED28 /* Release */ = {
			isa = XCBuildConfiguration;
			buildSettings = {
				PRODUCT_NAME = "$(TARGET_NAME)";
			};
			name = Release;
		};
/* End XCBuildConfiguration section */

/* Begin XCConfigurationList section */
		BEE64B541BDA0F4600B9ED28 /* Build configuration list for PBXProject "基础DP1-D-Doing Homework" */ = {
			isa = XCConfigurationList;
			buildConfigurations = (
				BEE64B5E1BDA0F4600B9ED28 /* Debug */,
				BEE64B5F1BDA0F4600B9ED28 /* Release */,
			);
			defaultConfigurationIsVisible = 0;
			defaultConfigurationName = Release;
		};
		BEE64B601BDA0F4600B9ED28 /* Build configuration list for PBXNativeTarget "基础DP1-D-Doing Homework" */ = {
			isa = XCConfigurationList;
			buildConfigurations = (
				BEE64B611BDA0F4600B9ED28 /* Debug */,
				BEE64B621BDA0F4600B9ED28 /* Release */,
			);
			defaultConfigurationIsVisible = 0;
		};
/* End XCConfigurationList section */
	};
	rootObject = BEE64B511BDA0F4600B9ED28 /* Project object */;
}
