// !$*UTF8*$!
{
	archiveVersion = 1;
	classes = {
	};
	objectVersion = 46;
	objects = {

/* Begin PBXBuildFile section */
		BEBC22E51C152CFA002FDEEC /* main.cpp in Sources */ = {isa = PBXBuildFile; fileRef = BEBC22E41C152CFA002FDEEC /* main.cpp */; };
/* End PBXBuildFile section */

/* Begin PBXCopyFilesBuildPhase section */
		BEBC22DF1C152CFA002FDEEC /* CopyFiles */ = {
			isa = PBXCopyFilesBuildPhase;
			buildActionMask = 2147483647;
			dstPath = /usr/share/man/man1/;
			dstSubfolderSpec = 0;
			files = (
			);
			runOnlyForDeploymentPostprocessing = 1;
		};
/* End PBXCopyFilesBuildPhase section */

/* Begin PBXFileReference section */
		BEBC22E11C152CFA002FDEEC /* 长大15acm-F */ = {isa = PBXFileReference; explicitFileType = "compiled.mach-o.executable"; includeInIndex = 0; path = "长大15acm-F"; sourceTree = BUILT_PRODUCTS_DIR; };
		BEBC22E41C152CFA002FDEEC /* main.cpp */ = {isa = PBXFileReference; lastKnownFileType = sourcecode.cpp.cpp; path = main.cpp; sourceTree = "<group>"; };
/* End PBXFileReference section */

/* Begin PBXFrameworksBuildPhase section */
		BEBC22DE1C152CFA002FDEEC /* Frameworks */ = {
			isa = PBXFrameworksBuildPhase;
			buildActionMask = 2147483647;
			files = (
			);
			runOnlyForDeploymentPostprocessing = 0;
		};
/* End PBXFrameworksBuildPhase section */

/* Begin PBXGroup section */
		BEBC22D81C152CFA002FDEEC = {
			isa = PBXGroup;
			children = (
				BEBC22E31C152CFA002FDEEC /* 长大15acm-F */,
				BEBC22E21C152CFA002FDEEC /* Products */,
			);
			sourceTree = "<group>";
		};
		BEBC22E21C152CFA002FDEEC /* Products */ = {
			isa = PBXGroup;
			children = (
				BEBC22E11C152CFA002FDEEC /* 长大15acm-F */,
			);
			name = Products;
			sourceTree = "<group>";
		};
		BEBC22E31C152CFA002FDEEC /* 长大15acm-F */ = {
			isa = PBXGroup;
			children = (
				BEBC22E41C152CFA002FDEEC /* main.cpp */,
			);
			path = "长大15acm-F";
			sourceTree = "<group>";
		};
/* End PBXGroup section */

/* Begin PBXNativeTarget section */
		BEBC22E01C152CFA002FDEEC /* 长大15acm-F */ = {
			isa = PBXNativeTarget;
			buildConfigurationList = BEBC22E81C152CFA002FDEEC /* Build configuration list for PBXNativeTarget "长大15acm-F" */;
			buildPhases = (
				BEBC22DD1C152CFA002FDEEC /* Sources */,
				BEBC22DE1C152CFA002FDEEC /* Frameworks */,
				BEBC22DF1C152CFA002FDEEC /* CopyFiles */,
			);
			buildRules = (
			);
			dependencies = (
			);
			name = "长大15acm-F";
			productName = "长大15acm-F";
			productReference = BEBC22E11C152CFA002FDEEC /* 长大15acm-F */;
			productType = "com.apple.product-type.tool";
		};
/* End PBXNativeTarget section */

/* Begin PBXProject section */
		BEBC22D91C152CFA002FDEEC /* Project object */ = {
			isa = PBXProject;
			attributes = {
				LastUpgradeCheck = 0700;
				ORGANIZATIONNAME = "袁子涵";
				TargetAttributes = {
					BEBC22E01C152CFA002FDEEC = {
						CreatedOnToolsVersion = 7.0.1;
					};
				};
			};
			buildConfigurationList = BEBC22DC1C152CFA002FDEEC /* Build configuration list for PBXProject "长大15acm-F" */;
			compatibilityVersion = "Xcode 3.2";
			developmentRegion = English;
			hasScannedForEncodings = 0;
			knownRegions = (
				en,
			);
			mainGroup = BEBC22D81C152CFA002FDEEC;
			productRefGroup = BEBC22E21C152CFA002FDEEC /* Products */;
			projectDirPath = "";
			projectRoot = "";
			targets = (
				BEBC22E01C152CFA002FDEEC /* 长大15acm-F */,
			);
		};
/* End PBXProject section */

/* Begin PBXSourcesBuildPhase section */
		BEBC22DD1C152CFA002FDEEC /* Sources */ = {
			isa = PBXSourcesBuildPhase;
			buildActionMask = 2147483647;
			files = (
				BEBC22E51C152CFA002FDEEC /* main.cpp in Sources */,
			);
			runOnlyForDeploymentPostprocessing = 0;
		};
/* End PBXSourcesBuildPhase section */

/* Begin XCBuildConfiguration section */
		BEBC22E61C152CFA002FDEEC /* Debug */ = {
			isa = XCBuildConfiguration;
			buildSettings = {
				ALWAYS_SEARCH_USER_PATHS = NO;
				CLANG_CXX_LANGUAGE_STANDARD = "gnu++0x";
				CLANG_CXX_LIBRARY = "libc++";
				CLANG_ENABLE_MODULES = YES;
				CLANG_ENABLE_OBJC_ARC = YES;
				CLANG_WARN_BOOL_CONVERSION = YES;
				CLANG_WARN_CONSTANT_CONVERSION = YES;
				CLANG_WARN_DIRECT_OBJC_ISA_USAGE = YES_ERROR;
				CLANG_WARN_EMPTY_BODY = YES;
				CLANG_WARN_ENUM_CONVERSION = YES;
				CLANG_WARN_INT_CONVERSION = YES;
				CLANG_WARN_OBJC_ROOT_CLASS = YES_ERROR;
				CLANG_WARN_UNREACHABLE_CODE = YES;
				CLANG_WARN__DUPLICATE_METHOD_MATCH = YES;
				COPY_PHASE_STRIP = NO;
				DEBUG_INFORMATION_FORMAT = dwarf;
				ENABLE_STRICT_OBJC_MSGSEND = YES;
				ENABLE_TESTABILITY = YES;
				GCC_C_LANGUAGE_STANDARD = gnu99;
				GCC_DYNAMIC_NO_PIC = NO;
				GCC_NO_COMMON_BLOCKS = YES;
				GCC_OPTIMIZATION_LEVEL = 0;
				GCC_PREPROCESSOR_DEFINITIONS = (
					"DEBUG=1",
					"$(inherited)",
				);
				GCC_WARN_64_TO_32_BIT_CONVERSION = YES;
				GCC_WARN_ABOUT_RETURN_TYPE = YES_ERROR;
				GCC_WARN_UNDECLARED_SELECTOR = YES;
				GCC_WARN_UNINITIALIZED_AUTOS = YES_AGGRESSIVE;
				GCC_WARN_UNUSED_FUNCTION = YES;
				GCC_WARN_UNUSED_VARIABLE = YES;
				MACOSX_DEPLOYMENT_TARGET = 10.10;
				MTL_ENABLE_DEBUG_INFO = YES;
				ONLY_ACTIVE_ARCH = YES;
				SDKROOT = macosx;
			};
			name = Debug;
		};
		BEBC22E71C152CFA002FDEEC /* Release */ = {
			isa = XCBuildConfiguration;
			buildSettings = {
				ALWAYS_SEARCH_USER_PATHS = NO;
				CLANG_CXX_LANGUAGE_STANDARD = "gnu++0x";
				CLANG_CXX_LIBRARY = "libc++";
				CLANG_ENABLE_MODULES = YES;
				CLANG_ENABLE_OBJC_ARC = YES;
				CLANG_WARN_BOOL_CONVERSION = YES;
				CLANG_WARN_CONSTANT_CONVERSION = YES;
				CLANG_WARN_DIRECT_OBJC_ISA_USAGE = YES_ERROR;
				CLANG_WARN_EMPTY_BODY = YES;
				CLANG_WARN_ENUM_CONVERSION = YES;
				CLANG_WARN_INT_CONVERSION = YES;
				CLANG_WARN_OBJC_ROOT_CLASS = YES_ERROR;
				CLANG_WARN_UNREACHABLE_CODE = YES;
				CLANG_WARN__DUPLICATE_METHOD_MATCH = YES;
				COPY_PHASE_STRIP = NO;
				DEBUG_INFORMATION_FORMAT = "dwarf-with-dsym";
				ENABLE_NS_ASSERTIONS = NO;
				ENABLE_STRICT_OBJC_MSGSEND = YES;
				GCC_C_LANGUAGE_STANDARD = gnu99;
				GCC_NO_COMMON_BLOCKS = YES;
				GCC_WARN_64_TO_32_BIT_CONVERSION = YES;
				GCC_WARN_ABOUT_RETURN_TYPE = YES_ERROR;
				GCC_WARN_UNDECLARED_SELECTOR = YES;
				GCC_WARN_UNINITIALIZED_AUTOS = YES_AGGRESSIVE;
				GCC_WARN_UNUSED_FUNCTION = YES;
				GCC_WARN_UNUSED_VARIABLE = YES;
				MACOSX_DEPLOYMENT_TARGET = 10.10;
				MTL_ENABLE_DEBUG_INFO = NO;
				SDKROOT = macosx;
			};
			name = Release;
		};
		BEBC22E91C152CFA002FDEEC /* Debug */ = {
			isa = XCBuildConfiguration;
			buildSettings = {
				PRODUCT_NAME = "$(TARGET_NAME)";
			};
			name = Debug;
		};
		BEBC22EA1C152CFA002FDEEC /* Release */ = {
			isa = XCBuildConfiguration;
			buildSettings = {
				PRODUCT_NAME = "$(TARGET_NAME)";
			};
			name = Release;
		};
/* End XCBuildConfiguration section */

/* Begin XCConfigurationList section */
		BEBC22DC1C152CFA002FDEEC /* Build configuration list for PBXProject "长大15acm-F" */ = {
			isa = XCConfigurationList;
			buildConfigurations = (
				BEBC22E61C152CFA002FDEEC /* Debug */,
				BEBC22E71C152CFA002FDEEC /* Release */,
			);
			defaultConfigurationIsVisible = 0;
			defaultConfigurationName = Release;
		};
		BEBC22E81C152CFA002FDEEC /* Build configuration list for PBXNativeTarget "长大15acm-F" */ = {
			isa = XCConfigurationList;
			buildConfigurations = (
				BEBC22E91C152CFA002FDEEC /* Debug */,
				BEBC22EA1C152CFA002FDEEC /* Release */,
			);
			defaultConfigurationIsVisible = 0;
		};
/* End XCConfigurationList section */
	};
	rootObject = BEBC22D91C152CFA002FDEEC /* Project object */;
}
