// !$*UTF8*$!
{
	archiveVersion = 1;
	classes = {
	};
	objectVersion = 46;
	objects = {

/* Begin PBXBuildFile section */
		BE4CF0BC1C5E52890092254B /* main.cpp in Sources */ = {isa = PBXBuildFile; fileRef = BE4CF0BB1C5E52890092254B /* main.cpp */; };
/* End PBXBuildFile section */

/* Begin PBXCopyFilesBuildPhase section */
		BE4CF0B61C5E52890092254B /* CopyFiles */ = {
			isa = PBXCopyFilesBuildPhase;
			buildActionMask = 2147483647;
			dstPath = /usr/share/man/man1/;
			dstSubfolderSpec = 0;
			files = (
			);
			runOnlyForDeploymentPostprocessing = 1;
		};
/* End PBXCopyFilesBuildPhase section */

/* Begin PBXFileReference section */
		BE4CF0B81C5E52890092254B /* 并查集-B-The Suspects */ = {isa = PBXFileReference; explicitFileType = "compiled.mach-o.executable"; includeInIndex = 0; path = "并查集-B-The Suspects"; sourceTree = BUILT_PRODUCTS_DIR; };
		BE4CF0BB1C5E52890092254B /* main.cpp */ = {isa = PBXFileReference; lastKnownFileType = sourcecode.cpp.cpp; path = main.cpp; sourceTree = "<group>"; };
/* End PBXFileReference section */

/* Begin PBXFrameworksBuildPhase section */
		BE4CF0B51C5E52890092254B /* Frameworks */ = {
			isa = PBXFrameworksBuildPhase;
			buildActionMask = 2147483647;
			files = (
			);
			runOnlyForDeploymentPostprocessing = 0;
		};
/* End PBXFrameworksBuildPhase section */

/* Begin PBXGroup section */
		BE4CF0AF1C5E52890092254B = {
			isa = PBXGroup;
			children = (
				BE4CF0BA1C5E52890092254B /* 并查集-B-The Suspects */,
				BE4CF0B91C5E52890092254B /* Products */,
			);
			sourceTree = "<group>";
		};
		BE4CF0B91C5E52890092254B /* Products */ = {
			isa = PBXGroup;
			children = (
				BE4CF0B81C5E52890092254B /* 并查集-B-The Suspects */,
			);
			name = Products;
			sourceTree = "<group>";
		};
		BE4CF0BA1C5E52890092254B /* 并查集-B-The Suspects */ = {
			isa = PBXGroup;
			children = (
				BE4CF0BB1C5E52890092254B /* main.cpp */,
			);
			path = "并查集-B-The Suspects";
			sourceTree = "<group>";
		};
/* End PBXGroup section */

/* Begin PBXNativeTarget section */
		BE4CF0B71C5E52890092254B /* 并查集-B-The Suspects */ = {
			isa = PBXNativeTarget;
			buildConfigurationList = BE4CF0BF1C5E52890092254B /* Build configuration list for PBXNativeTarget "并查集-B-The Suspects" */;
			buildPhases = (
				BE4CF0B41C5E52890092254B /* Sources */,
				BE4CF0B51C5E52890092254B /* Frameworks */,
				BE4CF0B61C5E52890092254B /* CopyFiles */,
			);
			buildRules = (
			);
			dependencies = (
			);
			name = "并查集-B-The Suspects";
			productName = "并查集-B-The Suspects";
			productReference = BE4CF0B81C5E52890092254B /* 并查集-B-The Suspects */;
			productType = "com.apple.product-type.tool";
		};
/* End PBXNativeTarget section */

/* Begin PBXProject section */
		BE4CF0B01C5E52890092254B /* Project object */ = {
			isa = PBXProject;
			attributes = {
				LastUpgradeCheck = 0720;
				ORGANIZATIONNAME = "袁子涵";
				TargetAttributes = {
					BE4CF0B71C5E52890092254B = {
						CreatedOnToolsVersion = 7.2;
					};
				};
			};
			buildConfigurationList = BE4CF0B31C5E52890092254B /* Build configuration list for PBXProject "并查集-B-The Suspects" */;
			compatibilityVersion = "Xcode 3.2";
			developmentRegion = English;
			hasScannedForEncodings = 0;
			knownRegions = (
				en,
			);
			mainGroup = BE4CF0AF1C5E52890092254B;
			productRefGroup = BE4CF0B91C5E52890092254B /* Products */;
			projectDirPath = "";
			projectRoot = "";
			targets = (
				BE4CF0B71C5E52890092254B /* 并查集-B-The Suspects */,
			);
		};
/* End PBXProject section */

/* Begin PBXSourcesBuildPhase section */
		BE4CF0B41C5E52890092254B /* Sources */ = {
			isa = PBXSourcesBuildPhase;
			buildActionMask = 2147483647;
			files = (
				BE4CF0BC1C5E52890092254B /* main.cpp in Sources */,
			);
			runOnlyForDeploymentPostprocessing = 0;
		};
/* End PBXSourcesBuildPhase section */

/* Begin XCBuildConfiguration section */
		BE4CF0BD1C5E52890092254B /* Debug */ = {
			isa = XCBuildConfiguration;
			buildSettings = {
				ALWAYS_SEARCH_USER_PATHS = NO;
				CLANG_CXX_LANGUAGE_STANDARD = "gnu++0x";
				CLANG_CXX_LIBRARY = "libc++";
				CLANG_ENABLE_MODULES = YES;
				CLANG_ENABLE_OBJC_ARC = YES;
				CLANG_WARN_BOOL_CONVERSION = YES;
				CLANG_WARN_CONSTANT_CONVERSION = YES;
				CLANG_WARN_DIRECT_OBJC_ISA_USAGE = YES_ERROR;
				CLANG_WARN_EMPTY_BODY = YES;
				CLANG_WARN_ENUM_CONVERSION = YES;
				CLANG_WARN_INT_CONVERSION = YES;
				CLANG_WARN_OBJC_ROOT_CLASS = YES_ERROR;
				CLANG_WARN_UNREACHABLE_CODE = YES;
				CLANG_WARN__DUPLICATE_METHOD_MATCH = YES;
				CODE_SIGN_IDENTITY = "-";
				COPY_PHASE_STRIP = NO;
				DEBUG_INFORMATION_FORMAT = dwarf;
				ENABLE_STRICT_OBJC_MSGSEND = YES;
				ENABLE_TESTABILITY = YES;
				GCC_C_LANGUAGE_STANDARD = gnu99;
				GCC_DYNAMIC_NO_PIC = NO;
				GCC_NO_COMMON_BLOCKS = YES;
				GCC_OPTIMIZATION_LEVEL = 0;
				GCC_PREPROCESSOR_DEFINITIONS = (
					"DEBUG=1",
					"$(inherited)",
				);
				GCC_WARN_64_TO_32_BIT_CONVERSION = YES;
				GCC_WARN_ABOUT_RETURN_TYPE = YES_ERROR;
				GCC_WARN_UNDECLARED_SELECTOR = YES;
				GCC_WARN_UNINITIALIZED_AUTOS = YES_AGGRESSIVE;
				GCC_WARN_UNUSED_FUNCTION = YES;
				GCC_WARN_UNUSED_VARIABLE = YES;
				MACOSX_DEPLOYMENT_TARGET = 10.10;
				MTL_ENABLE_DEBUG_INFO = YES;
				ONLY_ACTIVE_ARCH = YES;
				SDKROOT = macosx;
			};
			name = Debug;
		};
		BE4CF0BE1C5E52890092254B /* Release */ = {
			isa = XCBuildConfiguration;
			buildSettings = {
				ALWAYS_SEARCH_USER_PATHS = NO;
				CLANG_CXX_LANGUAGE_STANDARD = "gnu++0x";
				CLANG_CXX_LIBRARY = "libc++";
				CLANG_ENABLE_MODULES = YES;
				CLANG_ENABLE_OBJC_ARC = YES;
				CLANG_WARN_BOOL_CONVERSION = YES;
				CLANG_WARN_CONSTANT_CONVERSION = YES;
				CLANG_WARN_DIRECT_OBJC_ISA_USAGE = YES_ERROR;
				CLANG_WARN_EMPTY_BODY = YES;
				CLANG_WARN_ENUM_CONVERSION = YES;
				CLANG_WARN_INT_CONVERSION = YES;
				CLANG_WARN_OBJC_ROOT_CLASS = YES_ERROR;
				CLANG_WARN_UNREACHABLE_CODE = YES;
				CLANG_WARN__DUPLICATE_METHOD_MATCH = YES;
				CODE_SIGN_IDENTITY = "-";
				COPY_PHASE_STRIP = NO;
				DEBUG_INFORMATION_FORMAT = "dwarf-with-dsym";
				ENABLE_NS_ASSERTIONS = NO;
				ENABLE_STRICT_OBJC_MSGSEND = YES;
				GCC_C_LANGUAGE_STANDARD = gnu99;
				GCC_NO_COMMON_BLOCKS = YES;
				GCC_WARN_64_TO_32_BIT_CONVERSION = YES;
				GCC_WARN_ABOUT_RETURN_TYPE = YES_ERROR;
				GCC_WARN_UNDECLARED_SELECTOR = YES;
				GCC_WARN_UNINITIALIZED_AUTOS = YES_AGGRESSIVE;
				GCC_WARN_UNUSED_FUNCTION = YES;
				GCC_WARN_UNUSED_VARIABLE = YES;
				MACOSX_DEPLOYMENT_TARGET = 10.10;
				MTL_ENABLE_DEBUG_INFO = NO;
				SDKROOT = macosx;
			};
			name = Release;
		};
		BE4CF0C01C5E52890092254B /* Debug */ = {
			isa = XCBuildConfiguration;
			buildSettings = {
				PRODUCT_NAME = "$(TARGET_NAME)";
			};
			name = Debug;
		};
		BE4CF0C11C5E52890092254B /* Release */ = {
			isa = XCBuildConfiguration;
			buildSettings = {
				PRODUCT_NAME = "$(TARGET_NAME)";
			};
			name = Release;
		};
/* End XCBuildConfiguration section */

/* Begin XCConfigurationList section */
		BE4CF0B31C5E52890092254B /* Build configuration list for PBXProject "并查集-B-The Suspects" */ = {
			isa = XCConfigurationList;
			buildConfigurations = (
				BE4CF0BD1C5E52890092254B /* Debug */,
				BE4CF0BE1C5E52890092254B /* Release */,
			);
			defaultConfigurationIsVisible = 0;
			defaultConfigurationName = Release;
		};
		BE4CF0BF1C5E52890092254B /* Build configuration list for PBXNativeTarget "并查集-B-The Suspects" */ = {
			isa = XCConfigurationList;
			buildConfigurations = (
				BE4CF0C01C5E52890092254B /* Debug */,
				BE4CF0C11C5E52890092254B /* Release */,
			);
			defaultConfigurationIsVisible = 0;
		};
/* End XCConfigurationList section */
	};
	rootObject = BE4CF0B01C5E52890092254B /* Project object */;
}
